// !$*UTF8*$!
{
	archiveVersion = 1;
	classes = {
	};
	objectVersion = 77;
	objects = {

/* Begin PBXBuildFile section */
		033D1D0597EEEA21CB273C3B /* Rings.metal in Sources */ = {isa = PBXBuildFile; fileRef = BD9C0F83E129DC2B5A0C992A /* Rings.metal */; };
		03A0BDC2BE3D081571E3AF07 /* RadialScene.swift in Sources */ = {isa = PBXBuildFile; fileRef = D3322505EE79B0E78A2B744E /* RadialScene.swift */; };
		04339AE4B31849053AAAF052 /* VisualizerKernelsTests.swift in Sources */ = {isa = PBXBuildFile; fileRef = CE4FFF0EB58E7DC09C516FA1 /* VisualizerKernelsTests.swift */; };
		0506A1BDA246E4925D46A6E8 /* BundleLocalizerTests.swift in Sources */ = {isa = PBXBuildFile; fileRef = DEA2D5EA539253F098F73900 /* BundleLocalizerTests.swift */; };
		06513AD57F243AC2434C4CA3 /* Tunnel.metal in Sources */ = {isa = PBXBuildFile; fileRef = 4D85905E101BA978B977F1AE /* Tunnel.metal */; };
		08B96609C878D372FCA545EC /* Log.swift in Sources */ = {isa = PBXBuildFile; fileRef = 8B97ECD5E8A02079964E76AD /* Log.swift */; };
		09AE66EAF2604821A8BF7FF7 /* AmbientVignette.swift in Sources */ = {isa = PBXBuildFile; fileRef = 9CE7987B00B0E970D32C03AF /* AmbientVignette.swift */; };
		0FA043251EF2809F15167204 /* PingPongTextures.swift in Sources */ = {isa = PBXBuildFile; fileRef = D91935EFD871C6FDAC1D0769 /* PingPongTextures.swift */; };
		0FB5066C0E85109DCD25E156 /* Bars.metal in Sources */ = {isa = PBXBuildFile; fileRef = 4F1133FB55F1963379B01B11 /* Bars.metal */; };
		101A49AD18C2A628790DB1F6 /* Lissajous.metal in Sources */ = {isa = PBXBuildFile; fileRef = 06694B81B9BFB05EF0FC3248 /* Lissajous.metal */; };
		111E59B03362A504B8B08D84 /* EnergyBeatDetector.swift in Sources */ = {isa = PBXBuildFile; fileRef = 4713B55A89A6A7432CF90634 /* EnergyBeatDetector.swift */; };
		1754CBB84E3B160D83B2107E /* VisualizerScene.swift in Sources */ = {isa = PBXBuildFile; fileRef = 3252C032DFB3A9BD39318D61 /* VisualizerScene.swift */; };
		19013F5F4077236B20343C0F /* AIGame.metal in Sources */ = {isa = PBXBuildFile; fileRef = D639DBE410AFE568DF011AB2 /* AIGame.metal */; };
		1B6665F2403D79B14CDD5723 /* AlchemyScene.swift in Sources */ = {isa = PBXBuildFile; fileRef = 8B8DB9B24B697D4F6A7C19DE /* AlchemyScene.swift */; };
		2069BE24DCBE3CF8FDB62697 /* VDSPSpectrumAnalyzer.swift in Sources */ = {isa = PBXBuildFile; fileRef = 035DA89EE7600484208F4A1C /* VDSPSpectrumAnalyzer.swift */; };
		22AED1BDC54A2BEF1AD88E0B /* MetalDevice.swift in Sources */ = {isa = PBXBuildFile; fileRef = EC128BC985BCBC8C18B2FC94 /* MetalDevice.swift */; };
		232D079EEF84457C57CAD5E0 /* AVOfflineVideoRenderer.swift in Sources */ = {isa = PBXBuildFile; fileRef = DD1A885B4BA4F8CC4A2B933F /* AVOfflineVideoRenderer.swift */; };
		247376DC45095D9720FE24B6 /* Application in Frameworks */ = {isa = PBXBuildFile; productRef = 9F0AE339961E296B309FB89E /* Application */; };
		2588E9AE9AD114F7F9FD4B43 /* TunnelScene.swift in Sources */ = {isa = PBXBuildFile; fileRef = 1CCCA55E3F0BB3DAC4C98ADE /* TunnelScene.swift */; };
		262A549375CA43A76CBAFFF3 /* Tunnel.metal in Sources */ = {isa = PBXBuildFile; fileRef = 4D85905E101BA978B977F1AE /* Tunnel.metal */; };
		26884600E006F72B2D17E67C /* VDSPSpectrumAnalyzer.swift in Sources */ = {isa = PBXBuildFile; fileRef = 035DA89EE7600484208F4A1C /* VDSPSpectrumAnalyzer.swift */; };
		2926AFB373858E21E46C8337 /* EnergyBeatDetector.swift in Sources */ = {isa = PBXBuildFile; fileRef = 4713B55A89A6A7432CF90634 /* EnergyBeatDetector.swift */; };
		2B1D4F192E99CB49E573C8F8 /* AVAudioFileDecoder.swift in Sources */ = {isa = PBXBuildFile; fileRef = F7F29A8475A18296EBA0CBDF /* AVAudioFileDecoder.swift */; };
		2BF53352D03E7D477837AEEE /* VDSPSpectrumAnalyzerTests.swift in Sources */ = {isa = PBXBuildFile; fileRef = 47830BB5EB67565ECDB10B8A /* VDSPSpectrumAnalyzerTests.swift */; };
		2E41DE7CB65832525BAF1A4F /* MetalDevice.swift in Sources */ = {isa = PBXBuildFile; fileRef = EC128BC985BCBC8C18B2FC94 /* MetalDevice.swift */; };
		347B9A224C78F75742827BB7 /* AudioObjectID+Properties.swift in Sources */ = {isa = PBXBuildFile; fileRef = BEAD60A8CF041F92DE39F9CD /* AudioObjectID+Properties.swift */; };
		368E756989688059F7A61697 /* VisualizerApp.swift in Sources */ = {isa = PBXBuildFile; fileRef = 832E146FD2B148356484937B /* VisualizerApp.swift */; };
		36BD3D5BF0880E844220458B /* Scope.metal in Sources */ = {isa = PBXBuildFile; fileRef = 2A9B09BE2CB58C4B46BDD5F8 /* Scope.metal */; };
		38956BAC99D43A0136078FE7 /* BarsScene.swift in Sources */ = {isa = PBXBuildFile; fileRef = BEDD2639B1779651F9867675 /* BarsScene.swift */; };
		3D529AE77546627DE50492A8 /* SpectrogramScene.swift in Sources */ = {isa = PBXBuildFile; fileRef = C640AFEF4187FDC0FEB6FB46 /* SpectrogramScene.swift */; };
		3F7AD1485E7A2174A6C2E238 /* Spectrogram.metal in Sources */ = {isa = PBXBuildFile; fileRef = F6EA0DBE9C60674B4F1F3FC3 /* Spectrogram.metal */; };
		42197E81FE4F5BB3FA8A505C /* SynthwaveScene.swift in Sources */ = {isa = PBXBuildFile; fileRef = 9BBBD60354247251BD907B01 /* SynthwaveScene.swift */; };
		42E2C620A618EC40CF48A1DD /* RunningApplicationsDiscoveryTests.swift in Sources */ = {isa = PBXBuildFile; fileRef = B6D519804C8C3DD254FD9B32 /* RunningApplicationsDiscoveryTests.swift */; };
		4556350D218716AD953145D4 /* Bars.metal in Sources */ = {isa = PBXBuildFile; fileRef = 4F1133FB55F1963379B01B11 /* Bars.metal */; };
		46ED79196CCB3285FCFA66F4 /* MilkdropScene.swift in Sources */ = {isa = PBXBuildFile; fileRef = 7180AC02064B64F9D2A8ADC8 /* MilkdropScene.swift */; };
		474DED559F9653A8AC2B05D3 /* AlchemyScene.swift in Sources */ = {isa = PBXBuildFile; fileRef = 8B8DB9B24B697D4F6A7C19DE /* AlchemyScene.swift */; };
		48FB406BBDAC6B6830543BB7 /* Synthwave.metal in Sources */ = {isa = PBXBuildFile; fileRef = 05AD762503D91DE08292AA58 /* Synthwave.metal */; };
		4A21F55E32F8096C278AADE7 /* Entry.swift in Sources */ = {isa = PBXBuildFile; fileRef = C731F91C7E7ED8577338437F /* Entry.swift */; };
		4BCEE2AB6072658EDCD397CE /* MilkdropScene.swift in Sources */ = {isa = PBXBuildFile; fileRef = 7180AC02064B64F9D2A8ADC8 /* MilkdropScene.swift */; };
		4C204CB20017E4C9AF74742A /* UserDefaultsPreferences.swift in Sources */ = {isa = PBXBuildFile; fileRef = 079CB4007E545A8FDB63A533 /* UserDefaultsPreferences.swift */; };
		4C50E87F0B4BFA7967A5DCBF /* RenderBus.swift in Sources */ = {isa = PBXBuildFile; fileRef = 78640E93FCEAA978C26DFEC6 /* RenderBus.swift */; };
		4D5571514430D0E18DC04B12 /* RingBuffer.swift in Sources */ = {isa = PBXBuildFile; fileRef = 6BD4350024811F6CAF800549 /* RingBuffer.swift */; };
		51295BF6E67EC5B93F63B305 /* MetalCanvas.swift in Sources */ = {isa = PBXBuildFile; fileRef = C7EF2518C9DE9AAE618476A0 /* MetalCanvas.swift */; };
		51C85BEE2231D0FF266EF913 /* AlchemyParticles.metal in Sources */ = {isa = PBXBuildFile; fileRef = AC8F44C34B47B7B12BE0C8B5 /* AlchemyParticles.metal */; };
		53646F1B3FE86356AC47B1E5 /* Kaleidoscope.metal in Sources */ = {isa = PBXBuildFile; fileRef = 5C3A2EAD959F591A13EF43B3 /* Kaleidoscope.metal */; };
		546A8B74AFB831F013BDBFE9 /* SettingsView.swift in Sources */ = {isa = PBXBuildFile; fileRef = A693DF52CB2769B94E01BD74 /* SettingsView.swift */; };
		54C96732B516CE769682F073 /* TPCircularBuffer in Frameworks */ = {isa = PBXBuildFile; productRef = 6541EA25DA0B99BAF8789D1B /* TPCircularBuffer */; };
		5AC9AE7283D29CDC079DD805 /* ExportProgressChip.swift in Sources */ = {isa = PBXBuildFile; fileRef = 04151FE2AD24BD1EFE354C3A /* ExportProgressChip.swift */; };
		5D6C52878CFB145395739D64 /* RunningApplicationsDiscovery.swift in Sources */ = {isa = PBXBuildFile; fileRef = 5807E3F836F3BC8C88C6187F /* RunningApplicationsDiscovery.swift */; };
		5E327CFA00D1972F5AF291B0 /* RenderBus.swift in Sources */ = {isa = PBXBuildFile; fileRef = 78640E93FCEAA978C26DFEC6 /* RenderBus.swift */; };
		61988D14720C0CF26D1743C2 /* Domain in Frameworks */ = {isa = PBXBuildFile; productRef = E147A6A5DF782217EE4130E7 /* Domain */; };
		6337BEF1615E0162D2C78C46 /* TunnelScene.swift in Sources */ = {isa = PBXBuildFile; fileRef = 1CCCA55E3F0BB3DAC4C98ADE /* TunnelScene.swift */; };
		63817D342D2486D36393FD23 /* Scope.metal in Sources */ = {isa = PBXBuildFile; fileRef = 2A9B09BE2CB58C4B46BDD5F8 /* Scope.metal */; };
		6418534B8D6DC2883B37D8D8 /* AVOfflineVideoRenderer.swift in Sources */ = {isa = PBXBuildFile; fileRef = DD1A885B4BA4F8CC4A2B933F /* AVOfflineVideoRenderer.swift */; };
		65F7BA9337480BEDF0EF9E2B /* ExportViewModel.swift in Sources */ = {isa = PBXBuildFile; fileRef = 8C5CA2E56C4898852ACB51FF /* ExportViewModel.swift */; };
		67872E10D3C59BE770067824 /* AVAudioFileDecoder.swift in Sources */ = {isa = PBXBuildFile; fileRef = F7F29A8475A18296EBA0CBDF /* AVAudioFileDecoder.swift */; };
		6A837DC312AF9DA4FBF91DDC /* RingsScene.swift in Sources */ = {isa = PBXBuildFile; fileRef = EA1A56682300E3400874BE4F /* RingsScene.swift */; };
		75D1A0347E558FBC1D8EEC2F /* SpectrogramScene.swift in Sources */ = {isa = PBXBuildFile; fileRef = C640AFEF4187FDC0FEB6FB46 /* SpectrogramScene.swift */; };
		75F5939D9FBCCDE3BE7D330F /* Log.swift in Sources */ = {isa = PBXBuildFile; fileRef = 8B97ECD5E8A02079964E76AD /* Log.swift */; };
		7A50FF42C88B4ADB82E23723 /* KaleidoscopeScene.swift in Sources */ = {isa = PBXBuildFile; fileRef = BBC1625348C2D5F027A335DF /* KaleidoscopeScene.swift */; };
		7A704B8FFBB8AF63347BF90B /* RingsScene.swift in Sources */ = {isa = PBXBuildFile; fileRef = EA1A56682300E3400874BE4F /* RingsScene.swift */; };
		7ADB836CB11A1EB255048ED1 /* RootView.swift in Sources */ = {isa = PBXBuildFile; fileRef = B8D1929F0951B217438B6AB6 /* RootView.swift */; };
		7B6FAA97AE00F3BB4B7EDD5B /* Application in Frameworks */ = {isa = PBXBuildFile; productRef = 17C111209B74E83285C9072E /* Application */; };
		7F0EBC6E0AA4DDDB47984B8B /* BarsScene.swift in Sources */ = {isa = PBXBuildFile; fileRef = BEDD2639B1779651F9867675 /* BarsScene.swift */; };
		7F376ACBAD0CC19FCF94701C /* SceneToolbar.swift in Sources */ = {isa = PBXBuildFile; fileRef = 281753387399B49B8FEFE387 /* SceneToolbar.swift */; };
		81D3E428750CD2E6DFAEF06B /* CompositionRoot.swift in Sources */ = {isa = PBXBuildFile; fileRef = F7531C1C10C4294CC4EBFE9F /* CompositionRoot.swift */; };
		8691A03CE3647051B86CAA42 /* AlchemyParticles.metal in Sources */ = {isa = PBXBuildFile; fileRef = AC8F44C34B47B7B12BE0C8B5 /* AlchemyParticles.metal */; };
		8B4DB9DD92BB315DB033D865 /* SmokeTests.swift in Sources */ = {isa = PBXBuildFile; fileRef = 4FB965E9116803E67E2A6371 /* SmokeTests.swift */; };
		8D71F31D08D725098E95C22E /* PaletteTexture.swift in Sources */ = {isa = PBXBuildFile; fileRef = 881865058AC789F7F65FA676 /* PaletteTexture.swift */; };
		8EB8D004AECF9A936028CC8B /* Spectrogram.metal in Sources */ = {isa = PBXBuildFile; fileRef = F6EA0DBE9C60674B4F1F3FC3 /* Spectrogram.metal */; };
		940A1B3F88FB84AD4547AF65 /* AVAudioFileDecoderTests.swift in Sources */ = {isa = PBXBuildFile; fileRef = DD6EBEFDE7246AC1AB6C2FD2 /* AVAudioFileDecoderTests.swift */; };
		9A64FC7DCEA767098B80FF52 /* Radial.metal in Sources */ = {isa = PBXBuildFile; fileRef = 42D1036DBED480B1C1314B4B /* Radial.metal */; };
		9BF0A749A42F5F345B5A5744 /* Kaleidoscope.metal in Sources */ = {isa = PBXBuildFile; fileRef = 5C3A2EAD959F591A13EF43B3 /* Kaleidoscope.metal */; };
		9C40F8461358CF856CA5238E /* KaleidoscopeScene.swift in Sources */ = {isa = PBXBuildFile; fileRef = BBC1625348C2D5F027A335DF /* KaleidoscopeScene.swift */; };
		9E54725BEEB5F2EB248EC52B /* ExportSheetView.swift in Sources */ = {isa = PBXBuildFile; fileRef = 56BF00B4311CF1533E3A4166 /* ExportSheetView.swift */; };
		9F3C9097E965C12491F7E477 /* UserDefaultsPreferencesTests.swift in Sources */ = {isa = PBXBuildFile; fileRef = 2DDBCB53194EBCA359DCED28 /* UserDefaultsPreferencesTests.swift */; };
		A16BEF38A5AFA9341EFC2498 /* Rings.metal in Sources */ = {isa = PBXBuildFile; fileRef = BD9C0F83E129DC2B5A0C992A /* Rings.metal */; };
		A261081D59B0242DB05C55B2 /* DiagnosticsHUD.swift in Sources */ = {isa = PBXBuildFile; fileRef = D22D5FEEBEF9C6571C855B15 /* DiagnosticsHUD.swift */; };
		A2A9187AF93D659A01C1D538 /* BundleLocalizer.swift in Sources */ = {isa = PBXBuildFile; fileRef = 029AC86646001C0332446F3A /* BundleLocalizer.swift */; };
		ACF586C9E9B8A8DA544F63D2 /* ScopeScene.swift in Sources */ = {isa = PBXBuildFile; fileRef = E55688D8CBF43EC77CA8F3C9 /* ScopeScene.swift */; };
		AD2C439D80BEE74097C589D0 /* ScopeScene.swift in Sources */ = {isa = PBXBuildFile; fileRef = E55688D8CBF43EC77CA8F3C9 /* ScopeScene.swift */; };
		B0ACD63E3348237BA1D4A6C8 /* VisualizerKernels in Frameworks */ = {isa = PBXBuildFile; productRef = 0EB81F97C9369518018E0504 /* VisualizerKernels */; };
		B2FB5159CECB76EF4D4AE6FA /* TCCAudioCapturePermission.swift in Sources */ = {isa = PBXBuildFile; fileRef = CAFFC3AC154F4F1837300814 /* TCCAudioCapturePermission.swift */; };
		B4595ECA5F58A0603D1160D8 /* PaletteTexture.swift in Sources */ = {isa = PBXBuildFile; fileRef = 881865058AC789F7F65FA676 /* PaletteTexture.swift */; };
		B586A4F6CB40C79634E10267 /* SynthwaveScene.swift in Sources */ = {isa = PBXBuildFile; fileRef = 9BBBD60354247251BD907B01 /* SynthwaveScene.swift */; };
		B5E61E53F7A83DEED9F38C8A /* LissajousScene.swift in Sources */ = {isa = PBXBuildFile; fileRef = F75F8A3548BB5D0D36D382F4 /* LissajousScene.swift */; };
		BC013271989B876F10199BA6 /* Domain in Frameworks */ = {isa = PBXBuildFile; productRef = 97B6E5018EBBCD6964AEEC50 /* Domain */; };
		BD50347561CCE064BA909211 /* VisualizerViewModel.swift in Sources */ = {isa = PBXBuildFile; fileRef = 8A79CD1C85F3DFE42E4766D2 /* VisualizerViewModel.swift */; };
		BD52C35B974EB99B7A610991 /* Synthwave.metal in Sources */ = {isa = PBXBuildFile; fileRef = 05AD762503D91DE08292AA58 /* Synthwave.metal */; };
		BDBFCFCF503856350661EF05 /* MetalVisualizationRenderer.swift in Sources */ = {isa = PBXBuildFile; fileRef = 27278EF1AECFD061183F26F5 /* MetalVisualizationRenderer.swift */; };
		BF0D59E270EB9FAEA26C9EDE /* Assets.xcassets in Resources */ = {isa = PBXBuildFile; fileRef = E7BCB1CCD72A80E75A623AEA /* Assets.xcassets */; };
		CCD58907E94B757E4A9A6B4A /* AIGame.metal in Sources */ = {isa = PBXBuildFile; fileRef = D639DBE410AFE568DF011AB2 /* AIGame.metal */; };
		CF89B31678B4FDA335617C56 /* AboutView.swift in Sources */ = {isa = PBXBuildFile; fileRef = B03E0DD61CB8364D25CED809 /* AboutView.swift */; };
		D677B1ECAE09C8AEFECF2AC2 /* Radial.metal in Sources */ = {isa = PBXBuildFile; fileRef = 42D1036DBED480B1C1314B4B /* Radial.metal */; };
		D6817663EEDC6248B46F4A7D /* Domain in Frameworks */ = {isa = PBXBuildFile; productRef = B04A780DEAC34244E71F08F1 /* Domain */; };
		D9520693C42C2AE7391E7E85 /* VisualizerKernels in Frameworks */ = {isa = PBXBuildFile; productRef = F198029B36B21E4C6906260D /* VisualizerKernels */; };
		DD730EF261B7CBB5BDCDF42C /* EnergyBeatDetectorTests.swift in Sources */ = {isa = PBXBuildFile; fileRef = 5FB715B895A4A1887E86A5DB /* EnergyBeatDetectorTests.swift */; };
		DE0608DA54486B883E1ABFF7 /* VisualizerScene.swift in Sources */ = {isa = PBXBuildFile; fileRef = 3252C032DFB3A9BD39318D61 /* VisualizerScene.swift */; };
		DEA5B90B7A0668946B973A8C /* LissajousScene.swift in Sources */ = {isa = PBXBuildFile; fileRef = F75F8A3548BB5D0D36D382F4 /* LissajousScene.swift */; };
		E0615FB15339CECA89D8DB58 /* RadialScene.swift in Sources */ = {isa = PBXBuildFile; fileRef = D3322505EE79B0E78A2B744E /* RadialScene.swift */; };
		E39B635E6943C0EC1ECE333A /* Localizable.xcstrings in Resources */ = {isa = PBXBuildFile; fileRef = 2640C1355B4C74F25C877A4D /* Localizable.xcstrings */; };
		E3DBD43A7314963896335142 /* Lissajous.metal in Sources */ = {isa = PBXBuildFile; fileRef = 06694B81B9BFB05EF0FC3248 /* Lissajous.metal */; };
		E891DF819BE4127C66ABE6AE /* MetalVisualizationRenderer.swift in Sources */ = {isa = PBXBuildFile; fileRef = 27278EF1AECFD061183F26F5 /* MetalVisualizationRenderer.swift */; };
		EC19A09F417ED07E8E10B7BE /* PermissionGate.swift in Sources */ = {isa = PBXBuildFile; fileRef = 925F2B6A9763EB6BF642AA83 /* PermissionGate.swift */; };
		F04FE2DDBD0789B5FB81BF05 /* AVOfflineVideoRendererTests.swift in Sources */ = {isa = PBXBuildFile; fileRef = C5D45FC7EB9415FD61D94BB4 /* AVOfflineVideoRendererTests.swift */; };
		F2DC6EA2A9237385B7512671 /* PingPongTextures.swift in Sources */ = {isa = PBXBuildFile; fileRef = D91935EFD871C6FDAC1D0769 /* PingPongTextures.swift */; };
		F3A828B023E9036B941C9555 /* Milkdrop.metal in Sources */ = {isa = PBXBuildFile; fileRef = 964EFE3CF1CF12489A21124F /* Milkdrop.metal */; };
		F4E423EA8C3A9BFC60E9FA6E /* SpeedSlider.swift in Sources */ = {isa = PBXBuildFile; fileRef = 054CEDD1B1CF79BF8E73FB61 /* SpeedSlider.swift */; };
		FE5D43FEB3CDC34C24B32DC1 /* CoreAudioTapCapture.swift in Sources */ = {isa = PBXBuildFile; fileRef = D42F3C4D5101AFC047FB9C67 /* CoreAudioTapCapture.swift */; };
		FFB38984CF0FCFE22F434470 /* Milkdrop.metal in Sources */ = {isa = PBXBuildFile; fileRef = 964EFE3CF1CF12489A21124F /* Milkdrop.metal */; };
		FFEE78CA3D545FAF887B76C1 /* Application in Frameworks */ = {isa = PBXBuildFile; productRef = 2A0BA6759B8D541765628417 /* Application */; };
/* End PBXBuildFile section */

/* Begin PBXContainerItemProxy section */
		1505C7C7A57D1312D13D9D32 /* PBXContainerItemProxy */ = {
			isa = PBXContainerItemProxy;
			containerPortal = D53F39D40C7124B1A17566BC /* Project object */;
			proxyType = 1;
			remoteGlobalIDString = 71CF9D52529B2DFDB62F1807;
			remoteInfo = AudioVisualizer;
		};
/* End PBXContainerItemProxy section */

/* Begin PBXFileReference section */
		029AC86646001C0332446F3A /* BundleLocalizer.swift */ = {isa = PBXFileReference; lastKnownFileType = sourcecode.swift; path = BundleLocalizer.swift; sourceTree = "<group>"; };
		035DA89EE7600484208F4A1C /* VDSPSpectrumAnalyzer.swift */ = {isa = PBXFileReference; lastKnownFileType = sourcecode.swift; path = VDSPSpectrumAnalyzer.swift; sourceTree = "<group>"; };
		04151FE2AD24BD1EFE354C3A /* ExportProgressChip.swift */ = {isa = PBXFileReference; lastKnownFileType = sourcecode.swift; path = ExportProgressChip.swift; sourceTree = "<group>"; };
		054CEDD1B1CF79BF8E73FB61 /* SpeedSlider.swift */ = {isa = PBXFileReference; lastKnownFileType = sourcecode.swift; path = SpeedSlider.swift; sourceTree = "<group>"; };
		05AD762503D91DE08292AA58 /* Synthwave.metal */ = {isa = PBXFileReference; lastKnownFileType = sourcecode.metal; path = Synthwave.metal; sourceTree = "<group>"; };
		06694B81B9BFB05EF0FC3248 /* Lissajous.metal */ = {isa = PBXFileReference; lastKnownFileType = sourcecode.metal; path = Lissajous.metal; sourceTree = "<group>"; };
		079CB4007E545A8FDB63A533 /* UserDefaultsPreferences.swift */ = {isa = PBXFileReference; lastKnownFileType = sourcecode.swift; path = UserDefaultsPreferences.swift; sourceTree = "<group>"; };
		1CCCA55E3F0BB3DAC4C98ADE /* TunnelScene.swift */ = {isa = PBXFileReference; lastKnownFileType = sourcecode.swift; path = TunnelScene.swift; sourceTree = "<group>"; };
		22E52450E429F24A59AF1CD8 /* audiovis-render */ = {isa = PBXFileReference; includeInIndex = 0; path = "audiovis-render"; sourceTree = BUILT_PRODUCTS_DIR; };
		2640C1355B4C74F25C877A4D /* Localizable.xcstrings */ = {isa = PBXFileReference; lastKnownFileType = text.json.xcstrings; path = Localizable.xcstrings; sourceTree = "<group>"; };
		27278EF1AECFD061183F26F5 /* MetalVisualizationRenderer.swift */ = {isa = PBXFileReference; lastKnownFileType = sourcecode.swift; path = MetalVisualizationRenderer.swift; sourceTree = "<group>"; };
		281753387399B49B8FEFE387 /* SceneToolbar.swift */ = {isa = PBXFileReference; lastKnownFileType = sourcecode.swift; path = SceneToolbar.swift; sourceTree = "<group>"; };
		2A9B09BE2CB58C4B46BDD5F8 /* Scope.metal */ = {isa = PBXFileReference; lastKnownFileType = sourcecode.metal; path = Scope.metal; sourceTree = "<group>"; };
		2DDBCB53194EBCA359DCED28 /* UserDefaultsPreferencesTests.swift */ = {isa = PBXFileReference; lastKnownFileType = sourcecode.swift; path = UserDefaultsPreferencesTests.swift; sourceTree = "<group>"; };
		3252C032DFB3A9BD39318D61 /* VisualizerScene.swift */ = {isa = PBXFileReference; lastKnownFileType = sourcecode.swift; path = VisualizerScene.swift; sourceTree = "<group>"; };
		4272C3F4212C49A23281F643 /* AudioVisualizer.entitlements */ = {isa = PBXFileReference; lastKnownFileType = text.plist.entitlements; path = AudioVisualizer.entitlements; sourceTree = "<group>"; };
		42D1036DBED480B1C1314B4B /* Radial.metal */ = {isa = PBXFileReference; lastKnownFileType = sourcecode.metal; path = Radial.metal; sourceTree = "<group>"; };
		4713B55A89A6A7432CF90634 /* EnergyBeatDetector.swift */ = {isa = PBXFileReference; lastKnownFileType = sourcecode.swift; path = EnergyBeatDetector.swift; sourceTree = "<group>"; };
		47830BB5EB67565ECDB10B8A /* VDSPSpectrumAnalyzerTests.swift */ = {isa = PBXFileReference; lastKnownFileType = sourcecode.swift; path = VDSPSpectrumAnalyzerTests.swift; sourceTree = "<group>"; };
		4D85905E101BA978B977F1AE /* Tunnel.metal */ = {isa = PBXFileReference; lastKnownFileType = sourcecode.metal; path = Tunnel.metal; sourceTree = "<group>"; };
		4F1133FB55F1963379B01B11 /* Bars.metal */ = {isa = PBXFileReference; lastKnownFileType = sourcecode.metal; path = Bars.metal; sourceTree = "<group>"; };
		4FB965E9116803E67E2A6371 /* SmokeTests.swift */ = {isa = PBXFileReference; lastKnownFileType = sourcecode.swift; path = SmokeTests.swift; sourceTree = "<group>"; };
		56BF00B4311CF1533E3A4166 /* ExportSheetView.swift */ = {isa = PBXFileReference; lastKnownFileType = sourcecode.swift; path = ExportSheetView.swift; sourceTree = "<group>"; };
		5807E3F836F3BC8C88C6187F /* RunningApplicationsDiscovery.swift */ = {isa = PBXFileReference; lastKnownFileType = sourcecode.swift; path = RunningApplicationsDiscovery.swift; sourceTree = "<group>"; };
		5C3A2EAD959F591A13EF43B3 /* Kaleidoscope.metal */ = {isa = PBXFileReference; lastKnownFileType = sourcecode.metal; path = Kaleidoscope.metal; sourceTree = "<group>"; };
		5FB715B895A4A1887E86A5DB /* EnergyBeatDetectorTests.swift */ = {isa = PBXFileReference; lastKnownFileType = sourcecode.swift; path = EnergyBeatDetectorTests.swift; sourceTree = "<group>"; };
		6BD4350024811F6CAF800549 /* RingBuffer.swift */ = {isa = PBXFileReference; lastKnownFileType = sourcecode.swift; path = RingBuffer.swift; sourceTree = "<group>"; };
		7180AC02064B64F9D2A8ADC8 /* MilkdropScene.swift */ = {isa = PBXFileReference; lastKnownFileType = sourcecode.swift; path = MilkdropScene.swift; sourceTree = "<group>"; };
		78640E93FCEAA978C26DFEC6 /* RenderBus.swift */ = {isa = PBXFileReference; lastKnownFileType = sourcecode.swift; path = RenderBus.swift; sourceTree = "<group>"; };
		832E146FD2B148356484937B /* VisualizerApp.swift */ = {isa = PBXFileReference; lastKnownFileType = sourcecode.swift; path = VisualizerApp.swift; sourceTree = "<group>"; };
		881865058AC789F7F65FA676 /* PaletteTexture.swift */ = {isa = PBXFileReference; lastKnownFileType = sourcecode.swift; path = PaletteTexture.swift; sourceTree = "<group>"; };
		8A79CD1C85F3DFE42E4766D2 /* VisualizerViewModel.swift */ = {isa = PBXFileReference; lastKnownFileType = sourcecode.swift; path = VisualizerViewModel.swift; sourceTree = "<group>"; };
		8B8DB9B24B697D4F6A7C19DE /* AlchemyScene.swift */ = {isa = PBXFileReference; lastKnownFileType = sourcecode.swift; path = AlchemyScene.swift; sourceTree = "<group>"; };
		8B97ECD5E8A02079964E76AD /* Log.swift */ = {isa = PBXFileReference; lastKnownFileType = sourcecode.swift; path = Log.swift; sourceTree = "<group>"; };
		8C5CA2E56C4898852ACB51FF /* ExportViewModel.swift */ = {isa = PBXFileReference; lastKnownFileType = sourcecode.swift; path = ExportViewModel.swift; sourceTree = "<group>"; };
		925F2B6A9763EB6BF642AA83 /* PermissionGate.swift */ = {isa = PBXFileReference; lastKnownFileType = sourcecode.swift; path = PermissionGate.swift; sourceTree = "<group>"; };
		964EFE3CF1CF12489A21124F /* Milkdrop.metal */ = {isa = PBXFileReference; lastKnownFileType = sourcecode.metal; path = Milkdrop.metal; sourceTree = "<group>"; };
		9BBBD60354247251BD907B01 /* SynthwaveScene.swift */ = {isa = PBXFileReference; lastKnownFileType = sourcecode.swift; path = SynthwaveScene.swift; sourceTree = "<group>"; };
		9CE7987B00B0E970D32C03AF /* AmbientVignette.swift */ = {isa = PBXFileReference; lastKnownFileType = sourcecode.swift; path = AmbientVignette.swift; sourceTree = "<group>"; };
		A693DF52CB2769B94E01BD74 /* SettingsView.swift */ = {isa = PBXFileReference; lastKnownFileType = sourcecode.swift; path = SettingsView.swift; sourceTree = "<group>"; };
		AC8F44C34B47B7B12BE0C8B5 /* AlchemyParticles.metal */ = {isa = PBXFileReference; lastKnownFileType = sourcecode.metal; path = AlchemyParticles.metal; sourceTree = "<group>"; };
		B03E0DD61CB8364D25CED809 /* AboutView.swift */ = {isa = PBXFileReference; lastKnownFileType = sourcecode.swift; path = AboutView.swift; sourceTree = "<group>"; };
		B6D519804C8C3DD254FD9B32 /* RunningApplicationsDiscoveryTests.swift */ = {isa = PBXFileReference; lastKnownFileType = sourcecode.swift; path = RunningApplicationsDiscoveryTests.swift; sourceTree = "<group>"; };
		B8D1929F0951B217438B6AB6 /* RootView.swift */ = {isa = PBXFileReference; lastKnownFileType = sourcecode.swift; path = RootView.swift; sourceTree = "<group>"; };
		BBC1625348C2D5F027A335DF /* KaleidoscopeScene.swift */ = {isa = PBXFileReference; lastKnownFileType = sourcecode.swift; path = KaleidoscopeScene.swift; sourceTree = "<group>"; };
		BD9C0F83E129DC2B5A0C992A /* Rings.metal */ = {isa = PBXFileReference; lastKnownFileType = sourcecode.metal; path = Rings.metal; sourceTree = "<group>"; };
		BEAD60A8CF041F92DE39F9CD /* AudioObjectID+Properties.swift */ = {isa = PBXFileReference; lastKnownFileType = sourcecode.swift; path = "AudioObjectID+Properties.swift"; sourceTree = "<group>"; };
		BEDD2639B1779651F9867675 /* BarsScene.swift */ = {isa = PBXFileReference; lastKnownFileType = sourcecode.swift; path = BarsScene.swift; sourceTree = "<group>"; };
		C1A4B6B9B4B4C4C3B29B6E96 /* Info.plist */ = {isa = PBXFileReference; lastKnownFileType = text.plist; path = Info.plist; sourceTree = "<group>"; };
		C5D45FC7EB9415FD61D94BB4 /* AVOfflineVideoRendererTests.swift */ = {isa = PBXFileReference; lastKnownFileType = sourcecode.swift; path = AVOfflineVideoRendererTests.swift; sourceTree = "<group>"; };
		C640AFEF4187FDC0FEB6FB46 /* SpectrogramScene.swift */ = {isa = PBXFileReference; lastKnownFileType = sourcecode.swift; path = SpectrogramScene.swift; sourceTree = "<group>"; };
		C731F91C7E7ED8577338437F /* Entry.swift */ = {isa = PBXFileReference; lastKnownFileType = sourcecode.swift; path = Entry.swift; sourceTree = "<group>"; };
		C7EF2518C9DE9AAE618476A0 /* MetalCanvas.swift */ = {isa = PBXFileReference; lastKnownFileType = sourcecode.swift; path = MetalCanvas.swift; sourceTree = "<group>"; };
		CAFFC3AC154F4F1837300814 /* TCCAudioCapturePermission.swift */ = {isa = PBXFileReference; lastKnownFileType = sourcecode.swift; path = TCCAudioCapturePermission.swift; sourceTree = "<group>"; };
		CE4FFF0EB58E7DC09C516FA1 /* VisualizerKernelsTests.swift */ = {isa = PBXFileReference; lastKnownFileType = sourcecode.swift; path = VisualizerKernelsTests.swift; sourceTree = "<group>"; };
		D22D5FEEBEF9C6571C855B15 /* DiagnosticsHUD.swift */ = {isa = PBXFileReference; lastKnownFileType = sourcecode.swift; path = DiagnosticsHUD.swift; sourceTree = "<group>"; };
		D3322505EE79B0E78A2B744E /* RadialScene.swift */ = {isa = PBXFileReference; lastKnownFileType = sourcecode.swift; path = RadialScene.swift; sourceTree = "<group>"; };
		D42F3C4D5101AFC047FB9C67 /* CoreAudioTapCapture.swift */ = {isa = PBXFileReference; lastKnownFileType = sourcecode.swift; path = CoreAudioTapCapture.swift; sourceTree = "<group>"; };
		D4CCF341189D337EEF681242 /* AudioVisualizer.app */ = {isa = PBXFileReference; explicitFileType = wrapper.application; includeInIndex = 0; path = AudioVisualizer.app; sourceTree = BUILT_PRODUCTS_DIR; };
		D639DBE410AFE568DF011AB2 /* AIGame.metal */ = {isa = PBXFileReference; lastKnownFileType = sourcecode.metal; path = AIGame.metal; sourceTree = "<group>"; };
		D91935EFD871C6FDAC1D0769 /* PingPongTextures.swift */ = {isa = PBXFileReference; lastKnownFileType = sourcecode.swift; path = PingPongTextures.swift; sourceTree = "<group>"; };
		DD1A885B4BA4F8CC4A2B933F /* AVOfflineVideoRenderer.swift */ = {isa = PBXFileReference; lastKnownFileType = sourcecode.swift; path = AVOfflineVideoRenderer.swift; sourceTree = "<group>"; };
		DD6EBEFDE7246AC1AB6C2FD2 /* AVAudioFileDecoderTests.swift */ = {isa = PBXFileReference; lastKnownFileType = sourcecode.swift; path = AVAudioFileDecoderTests.swift; sourceTree = "<group>"; };
		DEA2D5EA539253F098F73900 /* BundleLocalizerTests.swift */ = {isa = PBXFileReference; lastKnownFileType = sourcecode.swift; path = BundleLocalizerTests.swift; sourceTree = "<group>"; };
		E55688D8CBF43EC77CA8F3C9 /* ScopeScene.swift */ = {isa = PBXFileReference; lastKnownFileType = sourcecode.swift; path = ScopeScene.swift; sourceTree = "<group>"; };
		E7BCB1CCD72A80E75A623AEA /* Assets.xcassets */ = {isa = PBXFileReference; lastKnownFileType = folder.assetcatalog; path = Assets.xcassets; sourceTree = "<group>"; };
		EA1A56682300E3400874BE4F /* RingsScene.swift */ = {isa = PBXFileReference; lastKnownFileType = sourcecode.swift; path = RingsScene.swift; sourceTree = "<group>"; };
		EC128BC985BCBC8C18B2FC94 /* MetalDevice.swift */ = {isa = PBXFileReference; lastKnownFileType = sourcecode.swift; path = MetalDevice.swift; sourceTree = "<group>"; };
		F03DF97F8F053B7B47B24167 /* mystifying-benz-e3a470 */ = {isa = PBXFileReference; lastKnownFileType = folder; name = "mystifying-benz-e3a470"; path = .; sourceTree = SOURCE_ROOT; };
		F6EA0DBE9C60674B4F1F3FC3 /* Spectrogram.metal */ = {isa = PBXFileReference; lastKnownFileType = sourcecode.metal; path = Spectrogram.metal; sourceTree = "<group>"; };
		F7531C1C10C4294CC4EBFE9F /* CompositionRoot.swift */ = {isa = PBXFileReference; lastKnownFileType = sourcecode.swift; path = CompositionRoot.swift; sourceTree = "<group>"; };
		F75F8A3548BB5D0D36D382F4 /* LissajousScene.swift */ = {isa = PBXFileReference; lastKnownFileType = sourcecode.swift; path = LissajousScene.swift; sourceTree = "<group>"; };
		F7F29A8475A18296EBA0CBDF /* AVAudioFileDecoder.swift */ = {isa = PBXFileReference; lastKnownFileType = sourcecode.swift; path = AVAudioFileDecoder.swift; sourceTree = "<group>"; };
		F9B3F03FAAD7299C32274CFA /* AudioVisualizerTests.xctest */ = {isa = PBXFileReference; explicitFileType = wrapper.cfbundle; includeInIndex = 0; path = AudioVisualizerTests.xctest; sourceTree = BUILT_PRODUCTS_DIR; };
/* End PBXFileReference section */

/* Begin PBXFrameworksBuildPhase section */
		2D66273D481466605D08CF05 /* Frameworks */ = {
			isa = PBXFrameworksBuildPhase;
			buildActionMask = 2147483647;
			files = (
				BC013271989B876F10199BA6 /* Domain in Frameworks */,
				FFEE78CA3D545FAF887B76C1 /* Application in Frameworks */,
				54C96732B516CE769682F073 /* TPCircularBuffer in Frameworks */,
				B0ACD63E3348237BA1D4A6C8 /* VisualizerKernels in Frameworks */,
			);
			runOnlyForDeploymentPostprocessing = 0;
		};
		2EE4CF1C2133566409C7B232 /* Frameworks */ = {
			isa = PBXFrameworksBuildPhase;
			buildActionMask = 2147483647;
			files = (
				D6817663EEDC6248B46F4A7D /* Domain in Frameworks */,
				7B6FAA97AE00F3BB4B7EDD5B /* Application in Frameworks */,
			);
			runOnlyForDeploymentPostprocessing = 0;
		};
		49650CCE622602FB03DD3C55 /* Frameworks */ = {
			isa = PBXFrameworksBuildPhase;
			buildActionMask = 2147483647;
			files = (
				61988D14720C0CF26D1743C2 /* Domain in Frameworks */,
				247376DC45095D9720FE24B6 /* Application in Frameworks */,
				D9520693C42C2AE7391E7E85 /* VisualizerKernels in Frameworks */,
			);
			runOnlyForDeploymentPostprocessing = 0;
		};
/* End PBXFrameworksBuildPhase section */

/* Begin PBXGroup section */
		09D95D7DDAFF5DE8E15841A9 /* Infrastructure */ = {
			isa = PBXGroup;
			children = (
				7D4630AB1F70A58F44C09426 /* Analysis */,
				24C1F88E6E4A5E797ACC378F /* CoreAudio */,
				3EDE74C53EF86BF4EB96A3A1 /* Export */,
				323461BC375FCB3F94131D6A /* Localization */,
				2BAE3580482A521421662B28 /* Logging */,
				E7B69D8BC87EEACD15030FF5 /* Metal */,
				BC36BD45045DA0243540DC00 /* Persistence */,
			);
			path = Infrastructure;
			sourceTree = "<group>";
		};
		1577DC35DC0E9E70F6167076 = {
			isa = PBXGroup;
			children = (
				363A6BE602F6121524430472 /* AudioVisualizer */,
				7DFBD78D37CC47A57FE1D6DF /* cli */,
				BBA513EBD7425767ED78B01C /* Packages */,
				5395DB28CD2CF94A3732BCC8 /* Products */,
			);
			sourceTree = "<group>";
		};
		24C1F88E6E4A5E797ACC378F /* CoreAudio */ = {
			isa = PBXGroup;
			children = (
				BEAD60A8CF041F92DE39F9CD /* AudioObjectID+Properties.swift */,
				D42F3C4D5101AFC047FB9C67 /* CoreAudioTapCapture.swift */,
				6BD4350024811F6CAF800549 /* RingBuffer.swift */,
				5807E3F836F3BC8C88C6187F /* RunningApplicationsDiscovery.swift */,
				CAFFC3AC154F4F1837300814 /* TCCAudioCapturePermission.swift */,
			);
			path = CoreAudio;
			sourceTree = "<group>";
		};
		2BAE3580482A521421662B28 /* Logging */ = {
			isa = PBXGroup;
			children = (
				8B97ECD5E8A02079964E76AD /* Log.swift */,
			);
			path = Logging;
			sourceTree = "<group>";
		};
		323461BC375FCB3F94131D6A /* Localization */ = {
			isa = PBXGroup;
			children = (
				029AC86646001C0332446F3A /* BundleLocalizer.swift */,
			);
			path = Localization;
			sourceTree = "<group>";
		};
		363A6BE602F6121524430472 /* AudioVisualizer */ = {
			isa = PBXGroup;
			children = (
				9E463E5D0576A1C0B0B60368 /* App */,
				09D95D7DDAFF5DE8E15841A9 /* Infrastructure */,
				EB02BF0975290A69B16427F1 /* Presentation */,
				BEF6E531585159ABA688A9C4 /* Resources */,
				E0FA60FAFD2DABE9187A79B6 /* Tests */,
			);
			path = AudioVisualizer;
			sourceTree = "<group>";
		};
		3EDE74C53EF86BF4EB96A3A1 /* Export */ = {
			isa = PBXGroup;
			children = (
				F7F29A8475A18296EBA0CBDF /* AVAudioFileDecoder.swift */,
				DD1A885B4BA4F8CC4A2B933F /* AVOfflineVideoRenderer.swift */,
			);
			path = Export;
			sourceTree = "<group>";
		};
		5395DB28CD2CF94A3732BCC8 /* Products */ = {
			isa = PBXGroup;
			children = (
				22E52450E429F24A59AF1CD8 /* audiovis-render */,
				D4CCF341189D337EEF681242 /* AudioVisualizer.app */,
				F9B3F03FAAD7299C32274CFA /* AudioVisualizerTests.xctest */,
			);
			name = Products;
			sourceTree = "<group>";
		};
		5DEA2238F516AEA89A4F14C7 /* Renderer */ = {
			isa = PBXGroup;
			children = (
				EC128BC985BCBC8C18B2FC94 /* MetalDevice.swift */,
				881865058AC789F7F65FA676 /* PaletteTexture.swift */,
				D91935EFD871C6FDAC1D0769 /* PingPongTextures.swift */,
			);
			path = Renderer;
			sourceTree = "<group>";
		};
		5FE6CB1F7C98EE385C8D9032 /* ViewModels */ = {
			isa = PBXGroup;
			children = (
				8C5CA2E56C4898852ACB51FF /* ExportViewModel.swift */,
				8A79CD1C85F3DFE42E4766D2 /* VisualizerViewModel.swift */,
			);
			path = ViewModels;
			sourceTree = "<group>";
		};
		7D4630AB1F70A58F44C09426 /* Analysis */ = {
			isa = PBXGroup;
			children = (
				4713B55A89A6A7432CF90634 /* EnergyBeatDetector.swift */,
				035DA89EE7600484208F4A1C /* VDSPSpectrumAnalyzer.swift */,
			);
			path = Analysis;
			sourceTree = "<group>";
		};
		7DFBD78D37CC47A57FE1D6DF /* cli */ = {
			isa = PBXGroup;
			children = (
				C731F91C7E7ED8577338437F /* Entry.swift */,
			);
			path = cli;
			sourceTree = "<group>";
		};
		9E463E5D0576A1C0B0B60368 /* App */ = {
			isa = PBXGroup;
			children = (
				F7531C1C10C4294CC4EBFE9F /* CompositionRoot.swift */,
				832E146FD2B148356484937B /* VisualizerApp.swift */,
			);
			path = App;
			sourceTree = "<group>";
		};
		A6E633D6CCFADDF55DAF262D /* Scenes */ = {
			isa = PBXGroup;
			children = (
				8B8DB9B24B697D4F6A7C19DE /* AlchemyScene.swift */,
				BEDD2639B1779651F9867675 /* BarsScene.swift */,
				BBC1625348C2D5F027A335DF /* KaleidoscopeScene.swift */,
				F75F8A3548BB5D0D36D382F4 /* LissajousScene.swift */,
				7180AC02064B64F9D2A8ADC8 /* MilkdropScene.swift */,
				D3322505EE79B0E78A2B744E /* RadialScene.swift */,
				EA1A56682300E3400874BE4F /* RingsScene.swift */,
				E55688D8CBF43EC77CA8F3C9 /* ScopeScene.swift */,
				C640AFEF4187FDC0FEB6FB46 /* SpectrogramScene.swift */,
				9BBBD60354247251BD907B01 /* SynthwaveScene.swift */,
				1CCCA55E3F0BB3DAC4C98ADE /* TunnelScene.swift */,
				3252C032DFB3A9BD39318D61 /* VisualizerScene.swift */,
			);
			path = Scenes;
			sourceTree = "<group>";
		};
		AA013CBEF4EDCE4B70D60822 /* Scenes */ = {
			isa = PBXGroup;
			children = (
				B03E0DD61CB8364D25CED809 /* AboutView.swift */,
				9CE7987B00B0E970D32C03AF /* AmbientVignette.swift */,
				D22D5FEEBEF9C6571C855B15 /* DiagnosticsHUD.swift */,
				C7EF2518C9DE9AAE618476A0 /* MetalCanvas.swift */,
				925F2B6A9763EB6BF642AA83 /* PermissionGate.swift */,
				B8D1929F0951B217438B6AB6 /* RootView.swift */,
				281753387399B49B8FEFE387 /* SceneToolbar.swift */,
				A693DF52CB2769B94E01BD74 /* SettingsView.swift */,
				054CEDD1B1CF79BF8E73FB61 /* SpeedSlider.swift */,
				E8EEEBF29D3CAD0430DDF79B /* Export */,
			);
			path = Scenes;
			sourceTree = "<group>";
		};
		B5E5B459C34F6154D19F6090 /* Shaders */ = {
			isa = PBXGroup;
			children = (
				D639DBE410AFE568DF011AB2 /* AIGame.metal */,
				AC8F44C34B47B7B12BE0C8B5 /* AlchemyParticles.metal */,
				4F1133FB55F1963379B01B11 /* Bars.metal */,
				5C3A2EAD959F591A13EF43B3 /* Kaleidoscope.metal */,
				06694B81B9BFB05EF0FC3248 /* Lissajous.metal */,
				964EFE3CF1CF12489A21124F /* Milkdrop.metal */,
				42D1036DBED480B1C1314B4B /* Radial.metal */,
				BD9C0F83E129DC2B5A0C992A /* Rings.metal */,
				2A9B09BE2CB58C4B46BDD5F8 /* Scope.metal */,
				F6EA0DBE9C60674B4F1F3FC3 /* Spectrogram.metal */,
				05AD762503D91DE08292AA58 /* Synthwave.metal */,
				4D85905E101BA978B977F1AE /* Tunnel.metal */,
			);
			path = Shaders;
			sourceTree = "<group>";
		};
		BBA513EBD7425767ED78B01C /* Packages */ = {
			isa = PBXGroup;
			children = (
				F03DF97F8F053B7B47B24167 /* mystifying-benz-e3a470 */,
			);
			name = Packages;
			sourceTree = "<group>";
		};
		BC36BD45045DA0243540DC00 /* Persistence */ = {
			isa = PBXGroup;
			children = (
				079CB4007E545A8FDB63A533 /* UserDefaultsPreferences.swift */,
			);
			path = Persistence;
			sourceTree = "<group>";
		};
		BEF6E531585159ABA688A9C4 /* Resources */ = {
			isa = PBXGroup;
			children = (
				E7BCB1CCD72A80E75A623AEA /* Assets.xcassets */,
				4272C3F4212C49A23281F643 /* AudioVisualizer.entitlements */,
				C1A4B6B9B4B4C4C3B29B6E96 /* Info.plist */,
				2640C1355B4C74F25C877A4D /* Localizable.xcstrings */,
			);
			path = Resources;
			sourceTree = "<group>";
		};
		BF0C2C94C0910328D3CBCFE4 /* Infrastructure */ = {
			isa = PBXGroup;
			children = (
				DD6EBEFDE7246AC1AB6C2FD2 /* AVAudioFileDecoderTests.swift */,
				C5D45FC7EB9415FD61D94BB4 /* AVOfflineVideoRendererTests.swift */,
				DEA2D5EA539253F098F73900 /* BundleLocalizerTests.swift */,
				5FB715B895A4A1887E86A5DB /* EnergyBeatDetectorTests.swift */,
				B6D519804C8C3DD254FD9B32 /* RunningApplicationsDiscoveryTests.swift */,
				2DDBCB53194EBCA359DCED28 /* UserDefaultsPreferencesTests.swift */,
				47830BB5EB67565ECDB10B8A /* VDSPSpectrumAnalyzerTests.swift */,
				CE4FFF0EB58E7DC09C516FA1 /* VisualizerKernelsTests.swift */,
			);
			path = Infrastructure;
			sourceTree = "<group>";
		};
		E0FA60FAFD2DABE9187A79B6 /* Tests */ = {
			isa = PBXGroup;
			children = (
				BF0C2C94C0910328D3CBCFE4 /* Infrastructure */,
				EE2A295646572E94C8AE0605 /* Smoke */,
			);
			path = Tests;
			sourceTree = "<group>";
		};
		E7B69D8BC87EEACD15030FF5 /* Metal */ = {
			isa = PBXGroup;
			children = (
				27278EF1AECFD061183F26F5 /* MetalVisualizationRenderer.swift */,
				78640E93FCEAA978C26DFEC6 /* RenderBus.swift */,
				5DEA2238F516AEA89A4F14C7 /* Renderer */,
				A6E633D6CCFADDF55DAF262D /* Scenes */,
				B5E5B459C34F6154D19F6090 /* Shaders */,
			);
			path = Metal;
			sourceTree = "<group>";
		};
		E8EEEBF29D3CAD0430DDF79B /* Export */ = {
			isa = PBXGroup;
			children = (
				04151FE2AD24BD1EFE354C3A /* ExportProgressChip.swift */,
				56BF00B4311CF1533E3A4166 /* ExportSheetView.swift */,
			);
			path = Export;
			sourceTree = "<group>";
		};
		EB02BF0975290A69B16427F1 /* Presentation */ = {
			isa = PBXGroup;
			children = (
				AA013CBEF4EDCE4B70D60822 /* Scenes */,
				5FE6CB1F7C98EE385C8D9032 /* ViewModels */,
			);
			path = Presentation;
			sourceTree = "<group>";
		};
		EE2A295646572E94C8AE0605 /* Smoke */ = {
			isa = PBXGroup;
			children = (
				4FB965E9116803E67E2A6371 /* SmokeTests.swift */,
			);
			path = Smoke;
			sourceTree = "<group>";
		};
/* End PBXGroup section */

/* Begin PBXNativeTarget section */
		71CF9D52529B2DFDB62F1807 /* AudioVisualizer */ = {
			isa = PBXNativeTarget;
			buildConfigurationList = 6B55D7F287975E5EB35F310E /* Build configuration list for PBXNativeTarget "AudioVisualizer" */;
			buildPhases = (
				B2E4BA4929C9CED5F0B7A269 /* Sources */,
				925BD761C102DDA00EE528A2 /* Resources */,
				2D66273D481466605D08CF05 /* Frameworks */,
			);
			buildRules = (
			);
			dependencies = (
			);
			name = AudioVisualizer;
			packageProductDependencies = (
				97B6E5018EBBCD6964AEEC50 /* Domain */,
				2A0BA6759B8D541765628417 /* Application */,
				6541EA25DA0B99BAF8789D1B /* TPCircularBuffer */,
				0EB81F97C9369518018E0504 /* VisualizerKernels */,
			);
			productName = AudioVisualizer;
			productReference = D4CCF341189D337EEF681242 /* AudioVisualizer.app */;
			productType = "com.apple.product-type.application";
		};
		BD0EE7EF40AFDA6D3D94B03B /* AudioVisualizerTests */ = {
			isa = PBXNativeTarget;
			buildConfigurationList = 32A0DDEBC6B61B1D7B374553 /* Build configuration list for PBXNativeTarget "AudioVisualizerTests" */;
			buildPhases = (
				FF805FF64E1B100F4B65BE05 /* Sources */,
				2EE4CF1C2133566409C7B232 /* Frameworks */,
			);
			buildRules = (
			);
			dependencies = (
				C57729C7D9AEBBD59C9F23CB /* PBXTargetDependency */,
			);
			name = AudioVisualizerTests;
			packageProductDependencies = (
				B04A780DEAC34244E71F08F1 /* Domain */,
				17C111209B74E83285C9072E /* Application */,
			);
			productName = AudioVisualizerTests;
			productReference = F9B3F03FAAD7299C32274CFA /* AudioVisualizerTests.xctest */;
			productType = "com.apple.product-type.bundle.unit-test";
		};
		EBF45FCDB5935A11F07782F7 /* audiovis-render */ = {
			isa = PBXNativeTarget;
			buildConfigurationList = B8561C8CC0F3CB622EAD92FD /* Build configuration list for PBXNativeTarget "audiovis-render" */;
			buildPhases = (
				279BB3E48F901FDBD3F31AFF /* Sources */,
				49650CCE622602FB03DD3C55 /* Frameworks */,
			);
			buildRules = (
			);
			dependencies = (
			);
			name = "audiovis-render";
			packageProductDependencies = (
				E147A6A5DF782217EE4130E7 /* Domain */,
				9F0AE339961E296B309FB89E /* Application */,
				F198029B36B21E4C6906260D /* VisualizerKernels */,
			);
			productName = "audiovis-render";
			productReference = 22E52450E429F24A59AF1CD8 /* audiovis-render */;
			productType = "com.apple.product-type.tool";
		};
/* End PBXNativeTarget section */

/* Begin PBXProject section */
		D53F39D40C7124B1A17566BC /* Project object */ = {
			isa = PBXProject;
			attributes = {
				BuildIndependentTargetsInParallel = YES;
				LastUpgradeCheck = 1430;
				TargetAttributes = {
					71CF9D52529B2DFDB62F1807 = {
						DevelopmentTeam = "";
						ProvisioningStyle = Automatic;
					};
					BD0EE7EF40AFDA6D3D94B03B = {
						DevelopmentTeam = "";
						ProvisioningStyle = Automatic;
					};
					EBF45FCDB5935A11F07782F7 = {
						DevelopmentTeam = "";
						ProvisioningStyle = Automatic;
					};
				};
			};
			buildConfigurationList = 12020120092957528566533E /* Build configuration list for PBXProject "AudioVisualizer" */;
			developmentRegion = en;
			hasScannedForEncodings = 0;
			knownRegions = (
				Base,
				en,
				es,
			);
			mainGroup = 1577DC35DC0E9E70F6167076;
			minimizedProjectReferenceProxies = 1;
			packageReferences = (
				B259C92AC099BAF1CFA222E1 /* XCLocalSwiftPackageReference "." */,
			);
			preferredProjectObjectVersion = 77;
			productRefGroup = 5395DB28CD2CF94A3732BCC8 /* Products */;
			projectDirPath = "";
			projectRoot = "";
			targets = (
				71CF9D52529B2DFDB62F1807 /* AudioVisualizer */,
				BD0EE7EF40AFDA6D3D94B03B /* AudioVisualizerTests */,
				EBF45FCDB5935A11F07782F7 /* audiovis-render */,
			);
		};
/* End PBXProject section */

/* Begin PBXResourcesBuildPhase section */
		925BD761C102DDA00EE528A2 /* Resources */ = {
			isa = PBXResourcesBuildPhase;
			buildActionMask = 2147483647;
			files = (
				BF0D59E270EB9FAEA26C9EDE /* Assets.xcassets in Resources */,
				E39B635E6943C0EC1ECE333A /* Localizable.xcstrings in Resources */,
			);
			runOnlyForDeploymentPostprocessing = 0;
		};
/* End PBXResourcesBuildPhase section */

/* Begin PBXSourcesBuildPhase section */
		279BB3E48F901FDBD3F31AFF /* Sources */ = {
			isa = PBXSourcesBuildPhase;
			buildActionMask = 2147483647;
			files = (
				CCD58907E94B757E4A9A6B4A /* AIGame.metal in Sources */,
				2B1D4F192E99CB49E573C8F8 /* AVAudioFileDecoder.swift in Sources */,
				6418534B8D6DC2883B37D8D8 /* AVOfflineVideoRenderer.swift in Sources */,
				51C85BEE2231D0FF266EF913 /* AlchemyParticles.metal in Sources */,
				1B6665F2403D79B14CDD5723 /* AlchemyScene.swift in Sources */,
				0FB5066C0E85109DCD25E156 /* Bars.metal in Sources */,
				38956BAC99D43A0136078FE7 /* BarsScene.swift in Sources */,
				2926AFB373858E21E46C8337 /* EnergyBeatDetector.swift in Sources */,
				4A21F55E32F8096C278AADE7 /* Entry.swift in Sources */,
				53646F1B3FE86356AC47B1E5 /* Kaleidoscope.metal in Sources */,
				7A50FF42C88B4ADB82E23723 /* KaleidoscopeScene.swift in Sources */,
				101A49AD18C2A628790DB1F6 /* Lissajous.metal in Sources */,
				B5E61E53F7A83DEED9F38C8A /* LissajousScene.swift in Sources */,
				08B96609C878D372FCA545EC /* Log.swift in Sources */,
				22AED1BDC54A2BEF1AD88E0B /* MetalDevice.swift in Sources */,
				BDBFCFCF503856350661EF05 /* MetalVisualizationRenderer.swift in Sources */,
				FFB38984CF0FCFE22F434470 /* Milkdrop.metal in Sources */,
				4BCEE2AB6072658EDCD397CE /* MilkdropScene.swift in Sources */,
				8D71F31D08D725098E95C22E /* PaletteTexture.swift in Sources */,
				F2DC6EA2A9237385B7512671 /* PingPongTextures.swift in Sources */,
				9A64FC7DCEA767098B80FF52 /* Radial.metal in Sources */,
				E0615FB15339CECA89D8DB58 /* RadialScene.swift in Sources */,
				4C50E87F0B4BFA7967A5DCBF /* RenderBus.swift in Sources */,
				033D1D0597EEEA21CB273C3B /* Rings.metal in Sources */,
				7A704B8FFBB8AF63347BF90B /* RingsScene.swift in Sources */,
				63817D342D2486D36393FD23 /* Scope.metal in Sources */,
				ACF586C9E9B8A8DA544F63D2 /* ScopeScene.swift in Sources */,
				3F7AD1485E7A2174A6C2E238 /* Spectrogram.metal in Sources */,
				3D529AE77546627DE50492A8 /* SpectrogramScene.swift in Sources */,
				BD52C35B974EB99B7A610991 /* Synthwave.metal in Sources */,
				B586A4F6CB40C79634E10267 /* SynthwaveScene.swift in Sources */,
				06513AD57F243AC2434C4CA3 /* Tunnel.metal in Sources */,
				2588E9AE9AD114F7F9FD4B43 /* TunnelScene.swift in Sources */,
				2069BE24DCBE3CF8FDB62697 /* VDSPSpectrumAnalyzer.swift in Sources */,
				1754CBB84E3B160D83B2107E /* VisualizerScene.swift in Sources */,
			);
			runOnlyForDeploymentPostprocessing = 0;
		};
		B2E4BA4929C9CED5F0B7A269 /* Sources */ = {
			isa = PBXSourcesBuildPhase;
			buildActionMask = 2147483647;
			files = (
				19013F5F4077236B20343C0F /* AIGame.metal in Sources */,
				67872E10D3C59BE770067824 /* AVAudioFileDecoder.swift in Sources */,
				232D079EEF84457C57CAD5E0 /* AVOfflineVideoRenderer.swift in Sources */,
				CF89B31678B4FDA335617C56 /* AboutView.swift in Sources */,
				8691A03CE3647051B86CAA42 /* AlchemyParticles.metal in Sources */,
				474DED559F9653A8AC2B05D3 /* AlchemyScene.swift in Sources */,
				09AE66EAF2604821A8BF7FF7 /* AmbientVignette.swift in Sources */,
				347B9A224C78F75742827BB7 /* AudioObjectID+Properties.swift in Sources */,
				4556350D218716AD953145D4 /* Bars.metal in Sources */,
				7F0EBC6E0AA4DDDB47984B8B /* BarsScene.swift in Sources */,
				A2A9187AF93D659A01C1D538 /* BundleLocalizer.swift in Sources */,
				81D3E428750CD2E6DFAEF06B /* CompositionRoot.swift in Sources */,
				FE5D43FEB3CDC34C24B32DC1 /* CoreAudioTapCapture.swift in Sources */,
				A261081D59B0242DB05C55B2 /* DiagnosticsHUD.swift in Sources */,
				111E59B03362A504B8B08D84 /* EnergyBeatDetector.swift in Sources */,
				5AC9AE7283D29CDC079DD805 /* ExportProgressChip.swift in Sources */,
				9E54725BEEB5F2EB248EC52B /* ExportSheetView.swift in Sources */,
				65F7BA9337480BEDF0EF9E2B /* ExportViewModel.swift in Sources */,
				9BF0A749A42F5F345B5A5744 /* Kaleidoscope.metal in Sources */,
				9C40F8461358CF856CA5238E /* KaleidoscopeScene.swift in Sources */,
				E3DBD43A7314963896335142 /* Lissajous.metal in Sources */,
				DEA5B90B7A0668946B973A8C /* LissajousScene.swift in Sources */,
				75F5939D9FBCCDE3BE7D330F /* Log.swift in Sources */,
				51295BF6E67EC5B93F63B305 /* MetalCanvas.swift in Sources */,
				2E41DE7CB65832525BAF1A4F /* MetalDevice.swift in Sources */,
				E891DF819BE4127C66ABE6AE /* MetalVisualizationRenderer.swift in Sources */,
				F3A828B023E9036B941C9555 /* Milkdrop.metal in Sources */,
				46ED79196CCB3285FCFA66F4 /* MilkdropScene.swift in Sources */,
				B4595ECA5F58A0603D1160D8 /* PaletteTexture.swift in Sources */,
				EC19A09F417ED07E8E10B7BE /* PermissionGate.swift in Sources */,
				0FA043251EF2809F15167204 /* PingPongTextures.swift in Sources */,
				D677B1ECAE09C8AEFECF2AC2 /* Radial.metal in Sources */,
				03A0BDC2BE3D081571E3AF07 /* RadialScene.swift in Sources */,
				5E327CFA00D1972F5AF291B0 /* RenderBus.swift in Sources */,
				4D5571514430D0E18DC04B12 /* RingBuffer.swift in Sources */,
				A16BEF38A5AFA9341EFC2498 /* Rings.metal in Sources */,
				6A837DC312AF9DA4FBF91DDC /* RingsScene.swift in Sources */,
				7ADB836CB11A1EB255048ED1 /* RootView.swift in Sources */,
				5D6C52878CFB145395739D64 /* RunningApplicationsDiscovery.swift in Sources */,
				7F376ACBAD0CC19FCF94701C /* SceneToolbar.swift in Sources */,
				36BD3D5BF0880E844220458B /* Scope.metal in Sources */,
				AD2C439D80BEE74097C589D0 /* ScopeScene.swift in Sources */,
				546A8B74AFB831F013BDBFE9 /* SettingsView.swift in Sources */,
				8EB8D004AECF9A936028CC8B /* Spectrogram.metal in Sources */,
				75D1A0347E558FBC1D8EEC2F /* SpectrogramScene.swift in Sources */,
				F4E423EA8C3A9BFC60E9FA6E /* SpeedSlider.swift in Sources */,
				48FB406BBDAC6B6830543BB7 /* Synthwave.metal in Sources */,
				42197E81FE4F5BB3FA8A505C /* SynthwaveScene.swift in Sources */,
				B2FB5159CECB76EF4D4AE6FA /* TCCAudioCapturePermission.swift in Sources */,
				262A549375CA43A76CBAFFF3 /* Tunnel.metal in Sources */,
				6337BEF1615E0162D2C78C46 /* TunnelScene.swift in Sources */,
				4C204CB20017E4C9AF74742A /* UserDefaultsPreferences.swift in Sources */,
				26884600E006F72B2D17E67C /* VDSPSpectrumAnalyzer.swift in Sources */,
				368E756989688059F7A61697 /* VisualizerApp.swift in Sources */,
				DE0608DA54486B883E1ABFF7 /* VisualizerScene.swift in Sources */,
				BD50347561CCE064BA909211 /* VisualizerViewModel.swift in Sources */,
			);
			runOnlyForDeploymentPostprocessing = 0;
		};
		FF805FF64E1B100F4B65BE05 /* Sources */ = {
			isa = PBXSourcesBuildPhase;
			buildActionMask = 2147483647;
			files = (
				940A1B3F88FB84AD4547AF65 /* AVAudioFileDecoderTests.swift in Sources */,
				F04FE2DDBD0789B5FB81BF05 /* AVOfflineVideoRendererTests.swift in Sources */,
				0506A1BDA246E4925D46A6E8 /* BundleLocalizerTests.swift in Sources */,
				DD730EF261B7CBB5BDCDF42C /* EnergyBeatDetectorTests.swift in Sources */,
				42E2C620A618EC40CF48A1DD /* RunningApplicationsDiscoveryTests.swift in Sources */,
				8B4DB9DD92BB315DB033D865 /* SmokeTests.swift in Sources */,
				9F3C9097E965C12491F7E477 /* UserDefaultsPreferencesTests.swift in Sources */,
				2BF53352D03E7D477837AEEE /* VDSPSpectrumAnalyzerTests.swift in Sources */,
				04339AE4B31849053AAAF052 /* VisualizerKernelsTests.swift in Sources */,
			);
			runOnlyForDeploymentPostprocessing = 0;
		};
/* End PBXSourcesBuildPhase section */

/* Begin PBXTargetDependency section */
		C57729C7D9AEBBD59C9F23CB /* PBXTargetDependency */ = {
			isa = PBXTargetDependency;
			target = 71CF9D52529B2DFDB62F1807 /* AudioVisualizer */;
			targetProxy = 1505C7C7A57D1312D13D9D32 /* PBXContainerItemProxy */;
		};
/* End PBXTargetDependency section */

/* Begin XCBuildConfiguration section */
		30D04D8847261F8972AF2BCD /* Debug */ = {
			isa = XCBuildConfiguration;
			buildSettings = {
				ALWAYS_SEARCH_USER_PATHS = NO;
				CLANG_ANALYZER_NONNULL = YES;
				CLANG_ANALYZER_NUMBER_OBJECT_CONVERSION = YES_AGGRESSIVE;
				CLANG_CXX_LANGUAGE_STANDARD = "gnu++14";
				CLANG_CXX_LIBRARY = "libc++";
				CLANG_ENABLE_MODULES = YES;
				CLANG_ENABLE_OBJC_ARC = YES;
				CLANG_ENABLE_OBJC_WEAK = YES;
				CLANG_WARN_BLOCK_CAPTURE_AUTORELEASING = YES;
				CLANG_WARN_BOOL_CONVERSION = YES;
				CLANG_WARN_COMMA = YES;
				CLANG_WARN_CONSTANT_CONVERSION = YES;
				CLANG_WARN_DEPRECATED_OBJC_IMPLEMENTATIONS = YES;
				CLANG_WARN_DIRECT_OBJC_ISA_USAGE = YES_ERROR;
				CLANG_WARN_DOCUMENTATION_COMMENTS = YES;
				CLANG_WARN_EMPTY_BODY = YES;
				CLANG_WARN_ENUM_CONVERSION = YES;
				CLANG_WARN_INFINITE_RECURSION = YES;
				CLANG_WARN_INT_CONVERSION = YES;
				CLANG_WARN_NON_LITERAL_NULL_CONVERSION = YES;
				CLANG_WARN_OBJC_IMPLICIT_RETAIN_SELF = YES;
				CLANG_WARN_OBJC_LITERAL_CONVERSION = YES;
				CLANG_WARN_OBJC_ROOT_CLASS = YES_ERROR;
				CLANG_WARN_QUOTED_INCLUDE_IN_FRAMEWORK_HEADER = YES;
				CLANG_WARN_RANGE_LOOP_ANALYSIS = YES;
				CLANG_WARN_STRICT_PROTOTYPES = YES;
				CLANG_WARN_SUSPICIOUS_MOVE = YES;
				CLANG_WARN_UNGUARDED_AVAILABILITY = YES_AGGRESSIVE;
				CLANG_WARN_UNREACHABLE_CODE = YES;
				CLANG_WARN__DUPLICATE_METHOD_MATCH = YES;
				CODE_SIGN_IDENTITY = "-";
				CODE_SIGN_STYLE = Automatic;
				COPY_PHASE_STRIP = NO;
				DEBUG_INFORMATION_FORMAT = dwarf;
				DEVELOPMENT_TEAM = "";
				ENABLE_STRICT_OBJC_MSGSEND = YES;
				ENABLE_TESTABILITY = YES;
				GCC_C_LANGUAGE_STANDARD = gnu11;
				GCC_DYNAMIC_NO_PIC = NO;
				GCC_NO_COMMON_BLOCKS = YES;
				GCC_OPTIMIZATION_LEVEL = 0;
				GCC_PREPROCESSOR_DEFINITIONS = (
					"$(inherited)",
					"DEBUG=1",
				);
				GCC_WARN_64_TO_32_BIT_CONVERSION = YES;
				GCC_WARN_ABOUT_RETURN_TYPE = YES_ERROR;
				GCC_WARN_UNDECLARED_SELECTOR = YES;
				GCC_WARN_UNINITIALIZED_AUTOS = YES_AGGRESSIVE;
				GCC_WARN_UNUSED_FUNCTION = YES;
				GCC_WARN_UNUSED_VARIABLE = YES;
				MACOSX_DEPLOYMENT_TARGET = 14.2;
				MTL_ENABLE_DEBUG_INFO = INCLUDE_SOURCE;
				MTL_FAST_MATH = YES;
				ONLY_ACTIVE_ARCH = YES;
				PRODUCT_NAME = "$(TARGET_NAME)";
				SDKROOT = macosx;
				SWIFT_ACTIVE_COMPILATION_CONDITIONS = DEBUG;
				SWIFT_OPTIMIZATION_LEVEL = "-Onone";
				SWIFT_VERSION = 5.10;
			};
			name = Debug;
		};
		439DAF46815EFF58CD06A603 /* Release */ = {
			isa = XCBuildConfiguration;
			buildSettings = {
				CODE_SIGN_ENTITLEMENTS = "";
				COMBINE_HIDPI_IMAGES = YES;
				ENABLE_HARDENED_RUNTIME = NO;
				LD_RUNPATH_SEARCH_PATHS = (
					"$(inherited)",
					"@executable_path/../Frameworks",
				);
				MACOSX_DEPLOYMENT_TARGET = 14.2;
				PRODUCT_BUNDLE_IDENTIFIER = "dev.audiovideogen.audiovis-render";
				PRODUCT_NAME = "audiovis-render";
				SDKROOT = macosx;
			};
			name = Release;
		};
		7B86E56EEB241DD8A149719D /* Release */ = {
			isa = XCBuildConfiguration;
			buildSettings = {
				ALWAYS_SEARCH_USER_PATHS = NO;
				CLANG_ANALYZER_NONNULL = YES;
				CLANG_ANALYZER_NUMBER_OBJECT_CONVERSION = YES_AGGRESSIVE;
				CLANG_CXX_LANGUAGE_STANDARD = "gnu++14";
				CLANG_CXX_LIBRARY = "libc++";
				CLANG_ENABLE_MODULES = YES;
				CLANG_ENABLE_OBJC_ARC = YES;
				CLANG_ENABLE_OBJC_WEAK = YES;
				CLANG_WARN_BLOCK_CAPTURE_AUTORELEASING = YES;
				CLANG_WARN_BOOL_CONVERSION = YES;
				CLANG_WARN_COMMA = YES;
				CLANG_WARN_CONSTANT_CONVERSION = YES;
				CLANG_WARN_DEPRECATED_OBJC_IMPLEMENTATIONS = YES;
				CLANG_WARN_DIRECT_OBJC_ISA_USAGE = YES_ERROR;
				CLANG_WARN_DOCUMENTATION_COMMENTS = YES;
				CLANG_WARN_EMPTY_BODY = YES;
				CLANG_WARN_ENUM_CONVERSION = YES;
				CLANG_WARN_INFINITE_RECURSION = YES;
				CLANG_WARN_INT_CONVERSION = YES;
				CLANG_WARN_NON_LITERAL_NULL_CONVERSION = YES;
				CLANG_WARN_OBJC_IMPLICIT_RETAIN_SELF = YES;
				CLANG_WARN_OBJC_LITERAL_CONVERSION = YES;
				CLANG_WARN_OBJC_ROOT_CLASS = YES_ERROR;
				CLANG_WARN_QUOTED_INCLUDE_IN_FRAMEWORK_HEADER = YES;
				CLANG_WARN_RANGE_LOOP_ANALYSIS = YES;
				CLANG_WARN_STRICT_PROTOTYPES = YES;
				CLANG_WARN_SUSPICIOUS_MOVE = YES;
				CLANG_WARN_UNGUARDED_AVAILABILITY = YES_AGGRESSIVE;
				CLANG_WARN_UNREACHABLE_CODE = YES;
				CLANG_WARN__DUPLICATE_METHOD_MATCH = YES;
				CODE_SIGN_IDENTITY = "-";
				CODE_SIGN_STYLE = Automatic;
				COPY_PHASE_STRIP = NO;
				DEBUG_INFORMATION_FORMAT = "dwarf-with-dsym";
				DEVELOPMENT_TEAM = "";
				ENABLE_NS_ASSERTIONS = NO;
				ENABLE_STRICT_OBJC_MSGSEND = YES;
				GCC_C_LANGUAGE_STANDARD = gnu11;
				GCC_NO_COMMON_BLOCKS = YES;
				GCC_WARN_64_TO_32_BIT_CONVERSION = YES;
				GCC_WARN_ABOUT_RETURN_TYPE = YES_ERROR;
				GCC_WARN_UNDECLARED_SELECTOR = YES;
				GCC_WARN_UNINITIALIZED_AUTOS = YES_AGGRESSIVE;
				GCC_WARN_UNUSED_FUNCTION = YES;
				GCC_WARN_UNUSED_VARIABLE = YES;
				MACOSX_DEPLOYMENT_TARGET = 14.2;
				MTL_ENABLE_DEBUG_INFO = NO;
				MTL_FAST_MATH = YES;
				PRODUCT_NAME = "$(TARGET_NAME)";
				SDKROOT = macosx;
				SWIFT_COMPILATION_MODE = wholemodule;
				SWIFT_OPTIMIZATION_LEVEL = "-O";
				SWIFT_VERSION = 5.10;
			};
			name = Release;
		};
		8074F4FF9CCCA6837A3182FC /* Release */ = {
			isa = XCBuildConfiguration;
			buildSettings = {
				BUNDLE_LOADER = "$(TEST_HOST)";
				COMBINE_HIDPI_IMAGES = YES;
				GENERATE_INFOPLIST_FILE = YES;
				LD_RUNPATH_SEARCH_PATHS = (
					"$(inherited)",
					"@executable_path/../Frameworks",
					"@loader_path/../Frameworks",
				);
				MACOSX_DEPLOYMENT_TARGET = 14.2;
				PRODUCT_BUNDLE_IDENTIFIER = dev.audiovideogen.AudioVisualizerTests;
				SDKROOT = macosx;
				TEST_HOST = "$(BUILT_PRODUCTS_DIR)/AudioVisualizer.app/Contents/MacOS/AudioVisualizer";
			};
			name = Release;
		};
		9B22AB9F666E6090B8AC0A2E /* Debug */ = {
			isa = XCBuildConfiguration;
			buildSettings = {
				CODE_SIGN_ENTITLEMENTS = "";
				COMBINE_HIDPI_IMAGES = YES;
				ENABLE_HARDENED_RUNTIME = NO;
				LD_RUNPATH_SEARCH_PATHS = (
					"$(inherited)",
					"@executable_path/../Frameworks",
				);
				MACOSX_DEPLOYMENT_TARGET = 14.2;
				PRODUCT_BUNDLE_IDENTIFIER = "dev.audiovideogen.audiovis-render";
				PRODUCT_NAME = "audiovis-render";
				SDKROOT = macosx;
			};
			name = Debug;
		};
		B2D4D8D7D6F57424C8C41B3F /* Debug */ = {
			isa = XCBuildConfiguration;
			buildSettings = {
				BUNDLE_LOADER = "$(TEST_HOST)";
				COMBINE_HIDPI_IMAGES = YES;
				GENERATE_INFOPLIST_FILE = YES;
				LD_RUNPATH_SEARCH_PATHS = (
					"$(inherited)",
					"@executable_path/../Frameworks",
					"@loader_path/../Frameworks",
				);
				MACOSX_DEPLOYMENT_TARGET = 14.2;
				PRODUCT_BUNDLE_IDENTIFIER = dev.audiovideogen.AudioVisualizerTests;
				SDKROOT = macosx;
				TEST_HOST = "$(BUILT_PRODUCTS_DIR)/AudioVisualizer.app/Contents/MacOS/AudioVisualizer";
			};
			name = Debug;
		};
		BA603826F86E6F41A06A61AC /* Debug */ = {
			isa = XCBuildConfiguration;
			buildSettings = {
				ASSETCATALOG_COMPILER_APPICON_NAME = AppIcon;
				CODE_SIGN_ENTITLEMENTS = AudioVisualizer/Resources/AudioVisualizer.entitlements;
				COMBINE_HIDPI_IMAGES = YES;
				ENABLE_HARDENED_RUNTIME = YES;
				GENERATE_INFOPLIST_FILE = NO;
				INFOPLIST_FILE = AudioVisualizer/Resources/Info.plist;
				LD_RUNPATH_SEARCH_PATHS = (
					"$(inherited)",
					"@executable_path/../Frameworks",
				);
				MACOSX_DEPLOYMENT_TARGET = 14.2;
				PRODUCT_BUNDLE_IDENTIFIER = dev.audiovideogen.AudioVisualizer;
				SDKROOT = macosx;
			};
			name = Debug;
		};
		BC0B4C34AC08AC9EC05AABEE /* Release */ = {
			isa = XCBuildConfiguration;
			buildSettings = {
				ASSETCATALOG_COMPILER_APPICON_NAME = AppIcon;
				CODE_SIGN_ENTITLEMENTS = AudioVisualizer/Resources/AudioVisualizer.entitlements;
				COMBINE_HIDPI_IMAGES = YES;
				ENABLE_HARDENED_RUNTIME = YES;
				GENERATE_INFOPLIST_FILE = NO;
				INFOPLIST_FILE = AudioVisualizer/Resources/Info.plist;
				LD_RUNPATH_SEARCH_PATHS = (
					"$(inherited)",
					"@executable_path/../Frameworks",
				);
				MACOSX_DEPLOYMENT_TARGET = 14.2;
				PRODUCT_BUNDLE_IDENTIFIER = dev.audiovideogen.AudioVisualizer;
				SDKROOT = macosx;
			};
			name = Release;
		};
/* End XCBuildConfiguration section */

/* Begin XCConfigurationList section */
		12020120092957528566533E /* Build configuration list for PBXProject "AudioVisualizer" */ = {
			isa = XCConfigurationList;
			buildConfigurations = (
				30D04D8847261F8972AF2BCD /* Debug */,
				7B86E56EEB241DD8A149719D /* Release */,
			);
			defaultConfigurationIsVisible = 0;
			defaultConfigurationName = Debug;
		};
		32A0DDEBC6B61B1D7B374553 /* Build configuration list for PBXNativeTarget "AudioVisualizerTests" */ = {
			isa = XCConfigurationList;
			buildConfigurations = (
				B2D4D8D7D6F57424C8C41B3F /* Debug */,
				8074F4FF9CCCA6837A3182FC /* Release */,
			);
			defaultConfigurationIsVisible = 0;
			defaultConfigurationName = Debug;
		};
		6B55D7F287975E5EB35F310E /* Build configuration list for PBXNativeTarget "AudioVisualizer" */ = {
			isa = XCConfigurationList;
			buildConfigurations = (
				BA603826F86E6F41A06A61AC /* Debug */,
				BC0B4C34AC08AC9EC05AABEE /* Release */,
			);
			defaultConfigurationIsVisible = 0;
			defaultConfigurationName = Debug;
		};
		B8561C8CC0F3CB622EAD92FD /* Build configuration list for PBXNativeTarget "audiovis-render" */ = {
			isa = XCConfigurationList;
			buildConfigurations = (
				9B22AB9F666E6090B8AC0A2E /* Debug */,
				439DAF46815EFF58CD06A603 /* Release */,
			);
			defaultConfigurationIsVisible = 0;
			defaultConfigurationName = Debug;
		};
/* End XCConfigurationList section */

/* Begin XCLocalSwiftPackageReference section */
		B259C92AC099BAF1CFA222E1 /* XCLocalSwiftPackageReference "." */ = {
			isa = XCLocalSwiftPackageReference;
			relativePath = .;
		};
/* End XCLocalSwiftPackageReference section */

/* Begin XCSwiftPackageProductDependency section */
		0EB81F97C9369518018E0504 /* VisualizerKernels */ = {
			isa = XCSwiftPackageProductDependency;
			productName = VisualizerKernels;
		};
		17C111209B74E83285C9072E /* Application */ = {
			isa = XCSwiftPackageProductDependency;
			productName = Application;
		};
		2A0BA6759B8D541765628417 /* Application */ = {
			isa = XCSwiftPackageProductDependency;
			productName = Application;
		};
		6541EA25DA0B99BAF8789D1B /* TPCircularBuffer */ = {
			isa = XCSwiftPackageProductDependency;
			productName = TPCircularBuffer;
		};
		97B6E5018EBBCD6964AEEC50 /* Domain */ = {
			isa = XCSwiftPackageProductDependency;
			productName = Domain;
		};
		9F0AE339961E296B309FB89E /* Application */ = {
			isa = XCSwiftPackageProductDependency;
			productName = Application;
		};
		B04A780DEAC34244E71F08F1 /* Domain */ = {
			isa = XCSwiftPackageProductDependency;
			productName = Domain;
		};
		E147A6A5DF782217EE4130E7 /* Domain */ = {
			isa = XCSwiftPackageProductDependency;
			productName = Domain;
		};
		F198029B36B21E4C6906260D /* VisualizerKernels */ = {
			isa = XCSwiftPackageProductDependency;
			productName = VisualizerKernels;
		};
/* End XCSwiftPackageProductDependency section */
	};
	rootObject = D53F39D40C7124B1A17566BC /* Project object */;
}
