// !$*UTF8*$!
{
	archiveVersion = 1;
	classes = {
	};
	objectVersion = 77;
	objects = {

/* Begin PBXBuildFile section */
		0FA043251EF2809F15167204 /* PingPongTextures.swift in Sources */ = {isa = PBXBuildFile; fileRef = D91935EFD871C6FDAC1D0769 /* PingPongTextures.swift */; };
		111E59B03362A504B8B08D84 /* EnergyBeatDetector.swift in Sources */ = {isa = PBXBuildFile; fileRef = 4713B55A89A6A7432CF90634 /* EnergyBeatDetector.swift */; };
		26884600E006F72B2D17E67C /* VDSPSpectrumAnalyzer.swift in Sources */ = {isa = PBXBuildFile; fileRef = 035DA89EE7600484208F4A1C /* VDSPSpectrumAnalyzer.swift */; };
		2BF53352D03E7D477837AEEE /* VDSPSpectrumAnalyzerTests.swift in Sources */ = {isa = PBXBuildFile; fileRef = 47830BB5EB67565ECDB10B8A /* VDSPSpectrumAnalyzerTests.swift */; };
		2E41DE7CB65832525BAF1A4F /* MetalDevice.swift in Sources */ = {isa = PBXBuildFile; fileRef = EC128BC985BCBC8C18B2FC94 /* MetalDevice.swift */; };
		347B9A224C78F75742827BB7 /* AudioObjectID+Properties.swift in Sources */ = {isa = PBXBuildFile; fileRef = BEAD60A8CF041F92DE39F9CD /* AudioObjectID+Properties.swift */; };
		368E756989688059F7A61697 /* VisualizerApp.swift in Sources */ = {isa = PBXBuildFile; fileRef = 832E146FD2B148356484937B /* VisualizerApp.swift */; };
		36BD3D5BF0880E844220458B /* Scope.metal in Sources */ = {isa = PBXBuildFile; fileRef = 2A9B09BE2CB58C4B46BDD5F8 /* Scope.metal */; };
		42E2C620A618EC40CF48A1DD /* RunningApplicationsDiscoveryTests.swift in Sources */ = {isa = PBXBuildFile; fileRef = B6D519804C8C3DD254FD9B32 /* RunningApplicationsDiscoveryTests.swift */; };
		4556350D218716AD953145D4 /* Bars.metal in Sources */ = {isa = PBXBuildFile; fileRef = 4F1133FB55F1963379B01B11 /* Bars.metal */; };
		474DED559F9653A8AC2B05D3 /* AlchemyScene.swift in Sources */ = {isa = PBXBuildFile; fileRef = 8B8DB9B24B697D4F6A7C19DE /* AlchemyScene.swift */; };
		4C204CB20017E4C9AF74742A /* UserDefaultsPreferences.swift in Sources */ = {isa = PBXBuildFile; fileRef = 079CB4007E545A8FDB63A533 /* UserDefaultsPreferences.swift */; };
		4D5571514430D0E18DC04B12 /* RingBuffer.swift in Sources */ = {isa = PBXBuildFile; fileRef = 6BD4350024811F6CAF800549 /* RingBuffer.swift */; };
		51295BF6E67EC5B93F63B305 /* MetalCanvas.swift in Sources */ = {isa = PBXBuildFile; fileRef = C7EF2518C9DE9AAE618476A0 /* MetalCanvas.swift */; };
		54C96732B516CE769682F073 /* TPCircularBuffer in Frameworks */ = {isa = PBXBuildFile; productRef = 6541EA25DA0B99BAF8789D1B /* TPCircularBuffer */; };
		5D6C52878CFB145395739D64 /* RunningApplicationsDiscovery.swift in Sources */ = {isa = PBXBuildFile; fileRef = 5807E3F836F3BC8C88C6187F /* RunningApplicationsDiscovery.swift */; };
		7B6FAA97AE00F3BB4B7EDD5B /* Application in Frameworks */ = {isa = PBXBuildFile; productRef = 17C111209B74E83285C9072E /* Application */; };
		7F0EBC6E0AA4DDDB47984B8B /* BarsScene.swift in Sources */ = {isa = PBXBuildFile; fileRef = BEDD2639B1779651F9867675 /* BarsScene.swift */; };
		8691A03CE3647051B86CAA42 /* AlchemyParticles.metal in Sources */ = {isa = PBXBuildFile; fileRef = AC8F44C34B47B7B12BE0C8B5 /* AlchemyParticles.metal */; };
		8B4DB9DD92BB315DB033D865 /* SmokeTests.swift in Sources */ = {isa = PBXBuildFile; fileRef = 4FB965E9116803E67E2A6371 /* SmokeTests.swift */; };
		9F3C9097E965C12491F7E477 /* UserDefaultsPreferencesTests.swift in Sources */ = {isa = PBXBuildFile; fileRef = 2DDBCB53194EBCA359DCED28 /* UserDefaultsPreferencesTests.swift */; };
		AD2C439D80BEE74097C589D0 /* ScopeScene.swift in Sources */ = {isa = PBXBuildFile; fileRef = E55688D8CBF43EC77CA8F3C9 /* ScopeScene.swift */; };
		B2FB5159CECB76EF4D4AE6FA /* TCCAudioCapturePermission.swift in Sources */ = {isa = PBXBuildFile; fileRef = CAFFC3AC154F4F1837300814 /* TCCAudioCapturePermission.swift */; };
		B4595ECA5F58A0603D1160D8 /* PaletteTexture.swift in Sources */ = {isa = PBXBuildFile; fileRef = 881865058AC789F7F65FA676 /* PaletteTexture.swift */; };
		BC013271989B876F10199BA6 /* Domain in Frameworks */ = {isa = PBXBuildFile; productRef = 97B6E5018EBBCD6964AEEC50 /* Domain */; };
		D6817663EEDC6248B46F4A7D /* Domain in Frameworks */ = {isa = PBXBuildFile; productRef = B04A780DEAC34244E71F08F1 /* Domain */; };
		DD730EF261B7CBB5BDCDF42C /* EnergyBeatDetectorTests.swift in Sources */ = {isa = PBXBuildFile; fileRef = 5FB715B895A4A1887E86A5DB /* EnergyBeatDetectorTests.swift */; };
		DE0608DA54486B883E1ABFF7 /* VisualizerScene.swift in Sources */ = {isa = PBXBuildFile; fileRef = 3252C032DFB3A9BD39318D61 /* VisualizerScene.swift */; };
		FE5D43FEB3CDC34C24B32DC1 /* CoreAudioTapCapture.swift in Sources */ = {isa = PBXBuildFile; fileRef = D42F3C4D5101AFC047FB9C67 /* CoreAudioTapCapture.swift */; };
		FFEE78CA3D545FAF887B76C1 /* Application in Frameworks */ = {isa = PBXBuildFile; productRef = 2A0BA6759B8D541765628417 /* Application */; };
/* End PBXBuildFile section */

/* Begin PBXContainerItemProxy section */
		1505C7C7A57D1312D13D9D32 /* PBXContainerItemProxy */ = {
			isa = PBXContainerItemProxy;
			containerPortal = D53F39D40C7124B1A17566BC /* Project object */;
			proxyType = 1;
			remoteGlobalIDString = 71CF9D52529B2DFDB62F1807;
			remoteInfo = AudioVisualizer;
		};
/* End PBXContainerItemProxy section */

/* Begin PBXFileReference section */
		035DA89EE7600484208F4A1C /* VDSPSpectrumAnalyzer.swift */ = {isa = PBXFileReference; lastKnownFileType = sourcecode.swift; path = VDSPSpectrumAnalyzer.swift; sourceTree = "<group>"; };
		079CB4007E545A8FDB63A533 /* UserDefaultsPreferences.swift */ = {isa = PBXFileReference; lastKnownFileType = sourcecode.swift; path = UserDefaultsPreferences.swift; sourceTree = "<group>"; };
		2A9B09BE2CB58C4B46BDD5F8 /* Scope.metal */ = {isa = PBXFileReference; lastKnownFileType = sourcecode.metal; path = Scope.metal; sourceTree = "<group>"; };
		2DDBCB53194EBCA359DCED28 /* UserDefaultsPreferencesTests.swift */ = {isa = PBXFileReference; lastKnownFileType = sourcecode.swift; path = UserDefaultsPreferencesTests.swift; sourceTree = "<group>"; };
		3252C032DFB3A9BD39318D61 /* VisualizerScene.swift */ = {isa = PBXFileReference; lastKnownFileType = sourcecode.swift; path = VisualizerScene.swift; sourceTree = "<group>"; };
		4272C3F4212C49A23281F643 /* AudioVisualizer.entitlements */ = {isa = PBXFileReference; lastKnownFileType = text.plist.entitlements; path = AudioVisualizer.entitlements; sourceTree = "<group>"; };
		4713B55A89A6A7432CF90634 /* EnergyBeatDetector.swift */ = {isa = PBXFileReference; lastKnownFileType = sourcecode.swift; path = EnergyBeatDetector.swift; sourceTree = "<group>"; };
		47830BB5EB67565ECDB10B8A /* VDSPSpectrumAnalyzerTests.swift */ = {isa = PBXFileReference; lastKnownFileType = sourcecode.swift; path = VDSPSpectrumAnalyzerTests.swift; sourceTree = "<group>"; };
		4F1133FB55F1963379B01B11 /* Bars.metal */ = {isa = PBXFileReference; lastKnownFileType = sourcecode.metal; path = Bars.metal; sourceTree = "<group>"; };
		4FB965E9116803E67E2A6371 /* SmokeTests.swift */ = {isa = PBXFileReference; lastKnownFileType = sourcecode.swift; path = SmokeTests.swift; sourceTree = "<group>"; };
		5807E3F836F3BC8C88C6187F /* RunningApplicationsDiscovery.swift */ = {isa = PBXFileReference; lastKnownFileType = sourcecode.swift; path = RunningApplicationsDiscovery.swift; sourceTree = "<group>"; };
		5FB715B895A4A1887E86A5DB /* EnergyBeatDetectorTests.swift */ = {isa = PBXFileReference; lastKnownFileType = sourcecode.swift; path = EnergyBeatDetectorTests.swift; sourceTree = "<group>"; };
		6BD4350024811F6CAF800549 /* RingBuffer.swift */ = {isa = PBXFileReference; lastKnownFileType = sourcecode.swift; path = RingBuffer.swift; sourceTree = "<group>"; };
		832E146FD2B148356484937B /* VisualizerApp.swift */ = {isa = PBXFileReference; lastKnownFileType = sourcecode.swift; path = VisualizerApp.swift; sourceTree = "<group>"; };
		881865058AC789F7F65FA676 /* PaletteTexture.swift */ = {isa = PBXFileReference; lastKnownFileType = sourcecode.swift; path = PaletteTexture.swift; sourceTree = "<group>"; };
		8B8DB9B24B697D4F6A7C19DE /* AlchemyScene.swift */ = {isa = PBXFileReference; lastKnownFileType = sourcecode.swift; path = AlchemyScene.swift; sourceTree = "<group>"; };
		AC8F44C34B47B7B12BE0C8B5 /* AlchemyParticles.metal */ = {isa = PBXFileReference; lastKnownFileType = sourcecode.metal; path = AlchemyParticles.metal; sourceTree = "<group>"; };
		B6D519804C8C3DD254FD9B32 /* RunningApplicationsDiscoveryTests.swift */ = {isa = PBXFileReference; lastKnownFileType = sourcecode.swift; path = RunningApplicationsDiscoveryTests.swift; sourceTree = "<group>"; };
		BEAD60A8CF041F92DE39F9CD /* AudioObjectID+Properties.swift */ = {isa = PBXFileReference; lastKnownFileType = sourcecode.swift; path = "AudioObjectID+Properties.swift"; sourceTree = "<group>"; };
		BEDD2639B1779651F9867675 /* BarsScene.swift */ = {isa = PBXFileReference; lastKnownFileType = sourcecode.swift; path = BarsScene.swift; sourceTree = "<group>"; };
		C1A4B6B9B4B4C4C3B29B6E96 /* Info.plist */ = {isa = PBXFileReference; lastKnownFileType = text.plist; path = Info.plist; sourceTree = "<group>"; };
		C7EF2518C9DE9AAE618476A0 /* MetalCanvas.swift */ = {isa = PBXFileReference; lastKnownFileType = sourcecode.swift; path = MetalCanvas.swift; sourceTree = "<group>"; };
		CAFFC3AC154F4F1837300814 /* TCCAudioCapturePermission.swift */ = {isa = PBXFileReference; lastKnownFileType = sourcecode.swift; path = TCCAudioCapturePermission.swift; sourceTree = "<group>"; };
		D42F3C4D5101AFC047FB9C67 /* CoreAudioTapCapture.swift */ = {isa = PBXFileReference; lastKnownFileType = sourcecode.swift; path = CoreAudioTapCapture.swift; sourceTree = "<group>"; };
		D4CCF341189D337EEF681242 /* AudioVisualizer.app */ = {isa = PBXFileReference; explicitFileType = wrapper.application; includeInIndex = 0; path = AudioVisualizer.app; sourceTree = BUILT_PRODUCTS_DIR; };
		D91935EFD871C6FDAC1D0769 /* PingPongTextures.swift */ = {isa = PBXFileReference; lastKnownFileType = sourcecode.swift; path = PingPongTextures.swift; sourceTree = "<group>"; };
		E55688D8CBF43EC77CA8F3C9 /* ScopeScene.swift */ = {isa = PBXFileReference; lastKnownFileType = sourcecode.swift; path = ScopeScene.swift; sourceTree = "<group>"; };
		EB42E07EF64ABEA50B4AF8B7 /* audio-video-gen */ = {isa = PBXFileReference; lastKnownFileType = folder; name = "audio-video-gen"; path = .; sourceTree = SOURCE_ROOT; };
		EC128BC985BCBC8C18B2FC94 /* MetalDevice.swift */ = {isa = PBXFileReference; lastKnownFileType = sourcecode.swift; path = MetalDevice.swift; sourceTree = "<group>"; };
		F9B3F03FAAD7299C32274CFA /* AudioVisualizerTests.xctest */ = {isa = PBXFileReference; explicitFileType = wrapper.cfbundle; includeInIndex = 0; path = AudioVisualizerTests.xctest; sourceTree = BUILT_PRODUCTS_DIR; };
/* End PBXFileReference section */

/* Begin PBXFrameworksBuildPhase section */
		2D66273D481466605D08CF05 /* Frameworks */ = {
			isa = PBXFrameworksBuildPhase;
			buildActionMask = 2147483647;
			files = (
				BC013271989B876F10199BA6 /* Domain in Frameworks */,
				FFEE78CA3D545FAF887B76C1 /* Application in Frameworks */,
				54C96732B516CE769682F073 /* TPCircularBuffer in Frameworks */,
			);
			runOnlyForDeploymentPostprocessing = 0;
		};
		2EE4CF1C2133566409C7B232 /* Frameworks */ = {
			isa = PBXFrameworksBuildPhase;
			buildActionMask = 2147483647;
			files = (
				D6817663EEDC6248B46F4A7D /* Domain in Frameworks */,
				7B6FAA97AE00F3BB4B7EDD5B /* Application in Frameworks */,
			);
			runOnlyForDeploymentPostprocessing = 0;
		};
/* End PBXFrameworksBuildPhase section */

/* Begin PBXGroup section */
		09D95D7DDAFF5DE8E15841A9 /* Infrastructure */ = {
			isa = PBXGroup;
			children = (
				7D4630AB1F70A58F44C09426 /* Analysis */,
				24C1F88E6E4A5E797ACC378F /* CoreAudio */,
				E7B69D8BC87EEACD15030FF5 /* Metal */,
				BC36BD45045DA0243540DC00 /* Persistence */,
			);
			path = Infrastructure;
			sourceTree = "<group>";
		};
		1577DC35DC0E9E70F6167076 = {
			isa = PBXGroup;
			children = (
				363A6BE602F6121524430472 /* AudioVisualizer */,
				BBA513EBD7425767ED78B01C /* Packages */,
				5395DB28CD2CF94A3732BCC8 /* Products */,
			);
			sourceTree = "<group>";
		};
		24C1F88E6E4A5E797ACC378F /* CoreAudio */ = {
			isa = PBXGroup;
			children = (
				BEAD60A8CF041F92DE39F9CD /* AudioObjectID+Properties.swift */,
				D42F3C4D5101AFC047FB9C67 /* CoreAudioTapCapture.swift */,
				6BD4350024811F6CAF800549 /* RingBuffer.swift */,
				5807E3F836F3BC8C88C6187F /* RunningApplicationsDiscovery.swift */,
				CAFFC3AC154F4F1837300814 /* TCCAudioCapturePermission.swift */,
			);
			path = CoreAudio;
			sourceTree = "<group>";
		};
		363A6BE602F6121524430472 /* AudioVisualizer */ = {
			isa = PBXGroup;
			children = (
				9E463E5D0576A1C0B0B60368 /* App */,
				09D95D7DDAFF5DE8E15841A9 /* Infrastructure */,
				EB02BF0975290A69B16427F1 /* Presentation */,
				BEF6E531585159ABA688A9C4 /* Resources */,
				E0FA60FAFD2DABE9187A79B6 /* Tests */,
			);
			path = AudioVisualizer;
			sourceTree = "<group>";
		};
		5395DB28CD2CF94A3732BCC8 /* Products */ = {
			isa = PBXGroup;
			children = (
				D4CCF341189D337EEF681242 /* AudioVisualizer.app */,
				F9B3F03FAAD7299C32274CFA /* AudioVisualizerTests.xctest */,
			);
			name = Products;
			sourceTree = "<group>";
		};
		5DEA2238F516AEA89A4F14C7 /* Renderer */ = {
			isa = PBXGroup;
			children = (
				EC128BC985BCBC8C18B2FC94 /* MetalDevice.swift */,
				881865058AC789F7F65FA676 /* PaletteTexture.swift */,
				D91935EFD871C6FDAC1D0769 /* PingPongTextures.swift */,
			);
			path = Renderer;
			sourceTree = "<group>";
		};
		7D4630AB1F70A58F44C09426 /* Analysis */ = {
			isa = PBXGroup;
			children = (
				4713B55A89A6A7432CF90634 /* EnergyBeatDetector.swift */,
				035DA89EE7600484208F4A1C /* VDSPSpectrumAnalyzer.swift */,
			);
			path = Analysis;
			sourceTree = "<group>";
		};
		9E463E5D0576A1C0B0B60368 /* App */ = {
			isa = PBXGroup;
			children = (
				832E146FD2B148356484937B /* VisualizerApp.swift */,
			);
			path = App;
			sourceTree = "<group>";
		};
		A6E633D6CCFADDF55DAF262D /* Scenes */ = {
			isa = PBXGroup;
			children = (
				8B8DB9B24B697D4F6A7C19DE /* AlchemyScene.swift */,
				BEDD2639B1779651F9867675 /* BarsScene.swift */,
				E55688D8CBF43EC77CA8F3C9 /* ScopeScene.swift */,
				3252C032DFB3A9BD39318D61 /* VisualizerScene.swift */,
			);
			path = Scenes;
			sourceTree = "<group>";
		};
		AA013CBEF4EDCE4B70D60822 /* Scenes */ = {
			isa = PBXGroup;
			children = (
				C7EF2518C9DE9AAE618476A0 /* MetalCanvas.swift */,
			);
			path = Scenes;
			sourceTree = "<group>";
		};
		B5E5B459C34F6154D19F6090 /* Shaders */ = {
			isa = PBXGroup;
			children = (
				AC8F44C34B47B7B12BE0C8B5 /* AlchemyParticles.metal */,
				4F1133FB55F1963379B01B11 /* Bars.metal */,
				2A9B09BE2CB58C4B46BDD5F8 /* Scope.metal */,
			);
			path = Shaders;
			sourceTree = "<group>";
		};
		BBA513EBD7425767ED78B01C /* Packages */ = {
			isa = PBXGroup;
			children = (
				EB42E07EF64ABEA50B4AF8B7 /* audio-video-gen */,
			);
			name = Packages;
			sourceTree = "<group>";
		};
		BC36BD45045DA0243540DC00 /* Persistence */ = {
			isa = PBXGroup;
			children = (
				079CB4007E545A8FDB63A533 /* UserDefaultsPreferences.swift */,
			);
			path = Persistence;
			sourceTree = "<group>";
		};
		BEF6E531585159ABA688A9C4 /* Resources */ = {
			isa = PBXGroup;
			children = (
				4272C3F4212C49A23281F643 /* AudioVisualizer.entitlements */,
				C1A4B6B9B4B4C4C3B29B6E96 /* Info.plist */,
			);
			path = Resources;
			sourceTree = "<group>";
		};
		BF0C2C94C0910328D3CBCFE4 /* Infrastructure */ = {
			isa = PBXGroup;
			children = (
				5FB715B895A4A1887E86A5DB /* EnergyBeatDetectorTests.swift */,
				B6D519804C8C3DD254FD9B32 /* RunningApplicationsDiscoveryTests.swift */,
				2DDBCB53194EBCA359DCED28 /* UserDefaultsPreferencesTests.swift */,
				47830BB5EB67565ECDB10B8A /* VDSPSpectrumAnalyzerTests.swift */,
			);
			path = Infrastructure;
			sourceTree = "<group>";
		};
		E0FA60FAFD2DABE9187A79B6 /* Tests */ = {
			isa = PBXGroup;
			children = (
				BF0C2C94C0910328D3CBCFE4 /* Infrastructure */,
				EE2A295646572E94C8AE0605 /* Smoke */,
			);
			path = Tests;
			sourceTree = "<group>";
		};
		E7B69D8BC87EEACD15030FF5 /* Metal */ = {
			isa = PBXGroup;
			children = (
				5DEA2238F516AEA89A4F14C7 /* Renderer */,
				A6E633D6CCFADDF55DAF262D /* Scenes */,
				B5E5B459C34F6154D19F6090 /* Shaders */,
			);
			path = Metal;
			sourceTree = "<group>";
		};
		EB02BF0975290A69B16427F1 /* Presentation */ = {
			isa = PBXGroup;
			children = (
				AA013CBEF4EDCE4B70D60822 /* Scenes */,
			);
			path = Presentation;
			sourceTree = "<group>";
		};
		EE2A295646572E94C8AE0605 /* Smoke */ = {
			isa = PBXGroup;
			children = (
				4FB965E9116803E67E2A6371 /* SmokeTests.swift */,
			);
			path = Smoke;
			sourceTree = "<group>";
		};
/* End PBXGroup section */

/* Begin PBXNativeTarget section */
		71CF9D52529B2DFDB62F1807 /* AudioVisualizer */ = {
			isa = PBXNativeTarget;
			buildConfigurationList = 6B55D7F287975E5EB35F310E /* Build configuration list for PBXNativeTarget "AudioVisualizer" */;
			buildPhases = (
				B2E4BA4929C9CED5F0B7A269 /* Sources */,
				2D66273D481466605D08CF05 /* Frameworks */,
			);
			buildRules = (
			);
			dependencies = (
			);
			name = AudioVisualizer;
			packageProductDependencies = (
				97B6E5018EBBCD6964AEEC50 /* Domain */,
				2A0BA6759B8D541765628417 /* Application */,
				6541EA25DA0B99BAF8789D1B /* TPCircularBuffer */,
			);
			productName = AudioVisualizer;
			productReference = D4CCF341189D337EEF681242 /* AudioVisualizer.app */;
			productType = "com.apple.product-type.application";
		};
		BD0EE7EF40AFDA6D3D94B03B /* AudioVisualizerTests */ = {
			isa = PBXNativeTarget;
			buildConfigurationList = 32A0DDEBC6B61B1D7B374553 /* Build configuration list for PBXNativeTarget "AudioVisualizerTests" */;
			buildPhases = (
				FF805FF64E1B100F4B65BE05 /* Sources */,
				2EE4CF1C2133566409C7B232 /* Frameworks */,
			);
			buildRules = (
			);
			dependencies = (
				C57729C7D9AEBBD59C9F23CB /* PBXTargetDependency */,
			);
			name = AudioVisualizerTests;
			packageProductDependencies = (
				B04A780DEAC34244E71F08F1 /* Domain */,
				17C111209B74E83285C9072E /* Application */,
			);
			productName = AudioVisualizerTests;
			productReference = F9B3F03FAAD7299C32274CFA /* AudioVisualizerTests.xctest */;
			productType = "com.apple.product-type.bundle.unit-test";
		};
/* End PBXNativeTarget section */

/* Begin PBXProject section */
		D53F39D40C7124B1A17566BC /* Project object */ = {
			isa = PBXProject;
			attributes = {
				BuildIndependentTargetsInParallel = YES;
				LastUpgradeCheck = 1430;
				TargetAttributes = {
					71CF9D52529B2DFDB62F1807 = {
						DevelopmentTeam = "";
						ProvisioningStyle = Automatic;
					};
					BD0EE7EF40AFDA6D3D94B03B = {
						DevelopmentTeam = "";
						ProvisioningStyle = Automatic;
					};
				};
			};
			buildConfigurationList = 12020120092957528566533E /* Build configuration list for PBXProject "AudioVisualizer" */;
			developmentRegion = en;
			hasScannedForEncodings = 0;
			knownRegions = (
				Base,
				en,
			);
			mainGroup = 1577DC35DC0E9E70F6167076;
			minimizedProjectReferenceProxies = 1;
			packageReferences = (
				B259C92AC099BAF1CFA222E1 /* XCLocalSwiftPackageReference "." */,
			);
			preferredProjectObjectVersion = 77;
			productRefGroup = 5395DB28CD2CF94A3732BCC8 /* Products */;
			projectDirPath = "";
			projectRoot = "";
			targets = (
				71CF9D52529B2DFDB62F1807 /* AudioVisualizer */,
				BD0EE7EF40AFDA6D3D94B03B /* AudioVisualizerTests */,
			);
		};
/* End PBXProject section */

/* Begin PBXSourcesBuildPhase section */
		B2E4BA4929C9CED5F0B7A269 /* Sources */ = {
			isa = PBXSourcesBuildPhase;
			buildActionMask = 2147483647;
			files = (
				8691A03CE3647051B86CAA42 /* AlchemyParticles.metal in Sources */,
				474DED559F9653A8AC2B05D3 /* AlchemyScene.swift in Sources */,
				347B9A224C78F75742827BB7 /* AudioObjectID+Properties.swift in Sources */,
				4556350D218716AD953145D4 /* Bars.metal in Sources */,
				7F0EBC6E0AA4DDDB47984B8B /* BarsScene.swift in Sources */,
				FE5D43FEB3CDC34C24B32DC1 /* CoreAudioTapCapture.swift in Sources */,
				111E59B03362A504B8B08D84 /* EnergyBeatDetector.swift in Sources */,
				51295BF6E67EC5B93F63B305 /* MetalCanvas.swift in Sources */,
				2E41DE7CB65832525BAF1A4F /* MetalDevice.swift in Sources */,
				B4595ECA5F58A0603D1160D8 /* PaletteTexture.swift in Sources */,
				0FA043251EF2809F15167204 /* PingPongTextures.swift in Sources */,
				4D5571514430D0E18DC04B12 /* RingBuffer.swift in Sources */,
				5D6C52878CFB145395739D64 /* RunningApplicationsDiscovery.swift in Sources */,
				36BD3D5BF0880E844220458B /* Scope.metal in Sources */,
				AD2C439D80BEE74097C589D0 /* ScopeScene.swift in Sources */,
				B2FB5159CECB76EF4D4AE6FA /* TCCAudioCapturePermission.swift in Sources */,
				4C204CB20017E4C9AF74742A /* UserDefaultsPreferences.swift in Sources */,
				26884600E006F72B2D17E67C /* VDSPSpectrumAnalyzer.swift in Sources */,
				368E756989688059F7A61697 /* VisualizerApp.swift in Sources */,
				DE0608DA54486B883E1ABFF7 /* VisualizerScene.swift in Sources */,
			);
			runOnlyForDeploymentPostprocessing = 0;
		};
		FF805FF64E1B100F4B65BE05 /* Sources */ = {
			isa = PBXSourcesBuildPhase;
			buildActionMask = 2147483647;
			files = (
				DD730EF261B7CBB5BDCDF42C /* EnergyBeatDetectorTests.swift in Sources */,
				42E2C620A618EC40CF48A1DD /* RunningApplicationsDiscoveryTests.swift in Sources */,
				8B4DB9DD92BB315DB033D865 /* SmokeTests.swift in Sources */,
				9F3C9097E965C12491F7E477 /* UserDefaultsPreferencesTests.swift in Sources */,
				2BF53352D03E7D477837AEEE /* VDSPSpectrumAnalyzerTests.swift in Sources */,
			);
			runOnlyForDeploymentPostprocessing = 0;
		};
/* End PBXSourcesBuildPhase section */

/* Begin PBXTargetDependency section */
		C57729C7D9AEBBD59C9F23CB /* PBXTargetDependency */ = {
			isa = PBXTargetDependency;
			target = 71CF9D52529B2DFDB62F1807 /* AudioVisualizer */;
			targetProxy = 1505C7C7A57D1312D13D9D32 /* PBXContainerItemProxy */;
		};
/* End PBXTargetDependency section */

/* Begin XCBuildConfiguration section */
		30D04D8847261F8972AF2BCD /* Debug */ = {
			isa = XCBuildConfiguration;
			buildSettings = {
				ALWAYS_SEARCH_USER_PATHS = NO;
				CLANG_ANALYZER_NONNULL = YES;
				CLANG_ANALYZER_NUMBER_OBJECT_CONVERSION = YES_AGGRESSIVE;
				CLANG_CXX_LANGUAGE_STANDARD = "gnu++14";
				CLANG_CXX_LIBRARY = "libc++";
				CLANG_ENABLE_MODULES = YES;
				CLANG_ENABLE_OBJC_ARC = YES;
				CLANG_ENABLE_OBJC_WEAK = YES;
				CLANG_WARN_BLOCK_CAPTURE_AUTORELEASING = YES;
				CLANG_WARN_BOOL_CONVERSION = YES;
				CLANG_WARN_COMMA = YES;
				CLANG_WARN_CONSTANT_CONVERSION = YES;
				CLANG_WARN_DEPRECATED_OBJC_IMPLEMENTATIONS = YES;
				CLANG_WARN_DIRECT_OBJC_ISA_USAGE = YES_ERROR;
				CLANG_WARN_DOCUMENTATION_COMMENTS = YES;
				CLANG_WARN_EMPTY_BODY = YES;
				CLANG_WARN_ENUM_CONVERSION = YES;
				CLANG_WARN_INFINITE_RECURSION = YES;
				CLANG_WARN_INT_CONVERSION = YES;
				CLANG_WARN_NON_LITERAL_NULL_CONVERSION = YES;
				CLANG_WARN_OBJC_IMPLICIT_RETAIN_SELF = YES;
				CLANG_WARN_OBJC_LITERAL_CONVERSION = YES;
				CLANG_WARN_OBJC_ROOT_CLASS = YES_ERROR;
				CLANG_WARN_QUOTED_INCLUDE_IN_FRAMEWORK_HEADER = YES;
				CLANG_WARN_RANGE_LOOP_ANALYSIS = YES;
				CLANG_WARN_STRICT_PROTOTYPES = YES;
				CLANG_WARN_SUSPICIOUS_MOVE = YES;
				CLANG_WARN_UNGUARDED_AVAILABILITY = YES_AGGRESSIVE;
				CLANG_WARN_UNREACHABLE_CODE = YES;
				CLANG_WARN__DUPLICATE_METHOD_MATCH = YES;
				CODE_SIGN_IDENTITY = "-";
				CODE_SIGN_STYLE = Automatic;
				COPY_PHASE_STRIP = NO;
				DEBUG_INFORMATION_FORMAT = dwarf;
				DEVELOPMENT_TEAM = "";
				ENABLE_STRICT_OBJC_MSGSEND = YES;
				ENABLE_TESTABILITY = YES;
				GCC_C_LANGUAGE_STANDARD = gnu11;
				GCC_DYNAMIC_NO_PIC = NO;
				GCC_NO_COMMON_BLOCKS = YES;
				GCC_OPTIMIZATION_LEVEL = 0;
				GCC_PREPROCESSOR_DEFINITIONS = (
					"$(inherited)",
					"DEBUG=1",
				);
				GCC_WARN_64_TO_32_BIT_CONVERSION = YES;
				GCC_WARN_ABOUT_RETURN_TYPE = YES_ERROR;
				GCC_WARN_UNDECLARED_SELECTOR = YES;
				GCC_WARN_UNINITIALIZED_AUTOS = YES_AGGRESSIVE;
				GCC_WARN_UNUSED_FUNCTION = YES;
				GCC_WARN_UNUSED_VARIABLE = YES;
				MACOSX_DEPLOYMENT_TARGET = 14.2;
				MTL_ENABLE_DEBUG_INFO = INCLUDE_SOURCE;
				MTL_FAST_MATH = YES;
				ONLY_ACTIVE_ARCH = YES;
				PRODUCT_NAME = "$(TARGET_NAME)";
				SDKROOT = macosx;
				SWIFT_ACTIVE_COMPILATION_CONDITIONS = DEBUG;
				SWIFT_OPTIMIZATION_LEVEL = "-Onone";
				SWIFT_VERSION = 5.10;
			};
			name = Debug;
		};
		7B86E56EEB241DD8A149719D /* Release */ = {
			isa = XCBuildConfiguration;
			buildSettings = {
				ALWAYS_SEARCH_USER_PATHS = NO;
				CLANG_ANALYZER_NONNULL = YES;
				CLANG_ANALYZER_NUMBER_OBJECT_CONVERSION = YES_AGGRESSIVE;
				CLANG_CXX_LANGUAGE_STANDARD = "gnu++14";
				CLANG_CXX_LIBRARY = "libc++";
				CLANG_ENABLE_MODULES = YES;
				CLANG_ENABLE_OBJC_ARC = YES;
				CLANG_ENABLE_OBJC_WEAK = YES;
				CLANG_WARN_BLOCK_CAPTURE_AUTORELEASING = YES;
				CLANG_WARN_BOOL_CONVERSION = YES;
				CLANG_WARN_COMMA = YES;
				CLANG_WARN_CONSTANT_CONVERSION = YES;
				CLANG_WARN_DEPRECATED_OBJC_IMPLEMENTATIONS = YES;
				CLANG_WARN_DIRECT_OBJC_ISA_USAGE = YES_ERROR;
				CLANG_WARN_DOCUMENTATION_COMMENTS = YES;
				CLANG_WARN_EMPTY_BODY = YES;
				CLANG_WARN_ENUM_CONVERSION = YES;
				CLANG_WARN_INFINITE_RECURSION = YES;
				CLANG_WARN_INT_CONVERSION = YES;
				CLANG_WARN_NON_LITERAL_NULL_CONVERSION = YES;
				CLANG_WARN_OBJC_IMPLICIT_RETAIN_SELF = YES;
				CLANG_WARN_OBJC_LITERAL_CONVERSION = YES;
				CLANG_WARN_OBJC_ROOT_CLASS = YES_ERROR;
				CLANG_WARN_QUOTED_INCLUDE_IN_FRAMEWORK_HEADER = YES;
				CLANG_WARN_RANGE_LOOP_ANALYSIS = YES;
				CLANG_WARN_STRICT_PROTOTYPES = YES;
				CLANG_WARN_SUSPICIOUS_MOVE = YES;
				CLANG_WARN_UNGUARDED_AVAILABILITY = YES_AGGRESSIVE;
				CLANG_WARN_UNREACHABLE_CODE = YES;
				CLANG_WARN__DUPLICATE_METHOD_MATCH = YES;
				CODE_SIGN_IDENTITY = "-";
				CODE_SIGN_STYLE = Automatic;
				COPY_PHASE_STRIP = NO;
				DEBUG_INFORMATION_FORMAT = "dwarf-with-dsym";
				DEVELOPMENT_TEAM = "";
				ENABLE_NS_ASSERTIONS = NO;
				ENABLE_STRICT_OBJC_MSGSEND = YES;
				GCC_C_LANGUAGE_STANDARD = gnu11;
				GCC_NO_COMMON_BLOCKS = YES;
				GCC_WARN_64_TO_32_BIT_CONVERSION = YES;
				GCC_WARN_ABOUT_RETURN_TYPE = YES_ERROR;
				GCC_WARN_UNDECLARED_SELECTOR = YES;
				GCC_WARN_UNINITIALIZED_AUTOS = YES_AGGRESSIVE;
				GCC_WARN_UNUSED_FUNCTION = YES;
				GCC_WARN_UNUSED_VARIABLE = YES;
				MACOSX_DEPLOYMENT_TARGET = 14.2;
				MTL_ENABLE_DEBUG_INFO = NO;
				MTL_FAST_MATH = YES;
				PRODUCT_NAME = "$(TARGET_NAME)";
				SDKROOT = macosx;
				SWIFT_COMPILATION_MODE = wholemodule;
				SWIFT_OPTIMIZATION_LEVEL = "-O";
				SWIFT_VERSION = 5.10;
			};
			name = Release;
		};
		8074F4FF9CCCA6837A3182FC /* Release */ = {
			isa = XCBuildConfiguration;
			buildSettings = {
				BUNDLE_LOADER = "$(TEST_HOST)";
				COMBINE_HIDPI_IMAGES = YES;
				GENERATE_INFOPLIST_FILE = YES;
				LD_RUNPATH_SEARCH_PATHS = (
					"$(inherited)",
					"@executable_path/../Frameworks",
					"@loader_path/../Frameworks",
				);
				MACOSX_DEPLOYMENT_TARGET = 14.2;
				PRODUCT_BUNDLE_IDENTIFIER = dev.audiovideogen.AudioVisualizerTests;
				SDKROOT = macosx;
				TEST_HOST = "$(BUILT_PRODUCTS_DIR)/AudioVisualizer.app/Contents/MacOS/AudioVisualizer";
			};
			name = Release;
		};
		B2D4D8D7D6F57424C8C41B3F /* Debug */ = {
			isa = XCBuildConfiguration;
			buildSettings = {
				BUNDLE_LOADER = "$(TEST_HOST)";
				COMBINE_HIDPI_IMAGES = YES;
				GENERATE_INFOPLIST_FILE = YES;
				LD_RUNPATH_SEARCH_PATHS = (
					"$(inherited)",
					"@executable_path/../Frameworks",
					"@loader_path/../Frameworks",
				);
				MACOSX_DEPLOYMENT_TARGET = 14.2;
				PRODUCT_BUNDLE_IDENTIFIER = dev.audiovideogen.AudioVisualizerTests;
				SDKROOT = macosx;
				TEST_HOST = "$(BUILT_PRODUCTS_DIR)/AudioVisualizer.app/Contents/MacOS/AudioVisualizer";
			};
			name = Debug;
		};
		BA603826F86E6F41A06A61AC /* Debug */ = {
			isa = XCBuildConfiguration;
			buildSettings = {
				ASSETCATALOG_COMPILER_APPICON_NAME = AppIcon;
				CODE_SIGN_ENTITLEMENTS = AudioVisualizer/Resources/AudioVisualizer.entitlements;
				COMBINE_HIDPI_IMAGES = YES;
				ENABLE_HARDENED_RUNTIME = YES;
				GENERATE_INFOPLIST_FILE = NO;
				INFOPLIST_FILE = AudioVisualizer/Resources/Info.plist;
				LD_RUNPATH_SEARCH_PATHS = (
					"$(inherited)",
					"@executable_path/../Frameworks",
				);
				MACOSX_DEPLOYMENT_TARGET = 14.2;
				PRODUCT_BUNDLE_IDENTIFIER = dev.audiovideogen.AudioVisualizer;
				SDKROOT = macosx;
			};
			name = Debug;
		};
		BC0B4C34AC08AC9EC05AABEE /* Release */ = {
			isa = XCBuildConfiguration;
			buildSettings = {
				ASSETCATALOG_COMPILER_APPICON_NAME = AppIcon;
				CODE_SIGN_ENTITLEMENTS = AudioVisualizer/Resources/AudioVisualizer.entitlements;
				COMBINE_HIDPI_IMAGES = YES;
				ENABLE_HARDENED_RUNTIME = YES;
				GENERATE_INFOPLIST_FILE = NO;
				INFOPLIST_FILE = AudioVisualizer/Resources/Info.plist;
				LD_RUNPATH_SEARCH_PATHS = (
					"$(inherited)",
					"@executable_path/../Frameworks",
				);
				MACOSX_DEPLOYMENT_TARGET = 14.2;
				PRODUCT_BUNDLE_IDENTIFIER = dev.audiovideogen.AudioVisualizer;
				SDKROOT = macosx;
			};
			name = Release;
		};
/* End XCBuildConfiguration section */

/* Begin XCConfigurationList section */
		12020120092957528566533E /* Build configuration list for PBXProject "AudioVisualizer" */ = {
			isa = XCConfigurationList;
			buildConfigurations = (
				30D04D8847261F8972AF2BCD /* Debug */,
				7B86E56EEB241DD8A149719D /* Release */,
			);
			defaultConfigurationIsVisible = 0;
			defaultConfigurationName = Debug;
		};
		32A0DDEBC6B61B1D7B374553 /* Build configuration list for PBXNativeTarget "AudioVisualizerTests" */ = {
			isa = XCConfigurationList;
			buildConfigurations = (
				B2D4D8D7D6F57424C8C41B3F /* Debug */,
				8074F4FF9CCCA6837A3182FC /* Release */,
			);
			defaultConfigurationIsVisible = 0;
			defaultConfigurationName = Debug;
		};
		6B55D7F287975E5EB35F310E /* Build configuration list for PBXNativeTarget "AudioVisualizer" */ = {
			isa = XCConfigurationList;
			buildConfigurations = (
				BA603826F86E6F41A06A61AC /* Debug */,
				BC0B4C34AC08AC9EC05AABEE /* Release */,
			);
			defaultConfigurationIsVisible = 0;
			defaultConfigurationName = Debug;
		};
/* End XCConfigurationList section */

/* Begin XCLocalSwiftPackageReference section */
		B259C92AC099BAF1CFA222E1 /* XCLocalSwiftPackageReference "." */ = {
			isa = XCLocalSwiftPackageReference;
			relativePath = .;
		};
/* End XCLocalSwiftPackageReference section */

/* Begin XCSwiftPackageProductDependency section */
		17C111209B74E83285C9072E /* Application */ = {
			isa = XCSwiftPackageProductDependency;
			productName = Application;
		};
		2A0BA6759B8D541765628417 /* Application */ = {
			isa = XCSwiftPackageProductDependency;
			productName = Application;
		};
		6541EA25DA0B99BAF8789D1B /* TPCircularBuffer */ = {
			isa = XCSwiftPackageProductDependency;
			productName = TPCircularBuffer;
		};
		97B6E5018EBBCD6964AEEC50 /* Domain */ = {
			isa = XCSwiftPackageProductDependency;
			productName = Domain;
		};
		B04A780DEAC34244E71F08F1 /* Domain */ = {
			isa = XCSwiftPackageProductDependency;
			productName = Domain;
		};
/* End XCSwiftPackageProductDependency section */
	};
	rootObject = D53F39D40C7124B1A17566BC /* Project object */;
}
